// !$*UTF8*$!
{
	archiveVersion = 1;
	classes = {
	};
	objectVersion = 56;
	objects = {

/* Begin PBXBuildFile section */
		A00000000000000000000001 /* SnapListApp.swift in Sources */ = {isa = PBXBuildFile; fileRef = F00000000000000000000001 /* SnapListApp.swift */; };
		A00000000000000000000002 /* AppDependenciesEnvironment.swift in Sources */ = {isa = PBXBuildFile; fileRef = F00000000000000000000002 /* AppDependenciesEnvironment.swift */; };
		A00000000000000000000004 /* AppShellView.swift in Sources */ = {isa = PBXBuildFile; fileRef = F00000000000000000000004 /* AppShellView.swift */; };
		A00000000000000000000005 /* FloatingDock.swift in Sources */ = {isa = PBXBuildFile; fileRef = F00000000000000000000005 /* FloatingDock.swift */; };
		A00000000000000000000006 /* MobileAPIClient.swift in Sources */ = {isa = PBXBuildFile; fileRef = F00000000000000000000006 /* MobileAPIClient.swift */; };
		A00000000000000000000007 /* MobileAPIModels.swift in Sources */ = {isa = PBXBuildFile; fileRef = F00000000000000000000007 /* MobileAPIModels.swift */; };
		A00000000000000000000008 /* LaunchConfiguration.swift in Sources */ = {isa = PBXBuildFile; fileRef = F00000000000000000000008 /* LaunchConfiguration.swift */; };
		A00000000000000000000009 /* FoundationPrimitives.swift in Sources */ = {isa = PBXBuildFile; fileRef = F00000000000000000000009 /* FoundationPrimitives.swift */; };
		A0000000000000000000000A /* SnapListTokens.swift in Sources */ = {isa = PBXBuildFile; fileRef = F0000000000000000000000A /* SnapListTokens.swift */; };
		A0000000000000000000000B /* FoundationDestinationView.swift in Sources */ = {isa = PBXBuildFile; fileRef = F0000000000000000000000B /* FoundationDestinationView.swift */; };
		A0000000000000000000000C /* AppNavigation.swift in Sources */ = {isa = PBXBuildFile; fileRef = F0000000000000000000000C /* AppNavigation.swift */; };
		A0000000000000000000000D /* Assets.xcassets in Resources */ = {isa = PBXBuildFile; fileRef = F0000000000000000000000D /* Assets.xcassets */; };
		A0000000000000000000000E /* OnboardingCapabilities.swift in Sources */ = {isa = PBXBuildFile; fileRef = F0000000000000000000000F /* OnboardingCapabilities.swift */; };
		A0000000000000000000000F /* OnboardingDomain.swift in Sources */ = {isa = PBXBuildFile; fileRef = F00000000000000000000010 /* OnboardingDomain.swift */; };
		A00000000000000000000010 /* OnboardingFlowView.swift in Sources */ = {isa = PBXBuildFile; fileRef = F00000000000000000000018 /* OnboardingFlowView.swift */; };
		685A00000000000000000001 /* FirstValueOnboardingView.swift in Sources */ = {isa = PBXBuildFile; fileRef = 685F00000000000000000001 /* FirstValueOnboardingView.swift */; };
		685A00000000000000000002 /* FirstValueOnboarding in Resources */ = {isa = PBXBuildFile; fileRef = 685F00000000000000000002 /* FirstValueOnboarding */; };
		A00000000000000000000011 /* CaptureDomain.swift in Sources */ = {isa = PBXBuildFile; fileRef = F0000000000000000000001C /* CaptureDomain.swift */; };
		A00000000000000000000012 /* AVFoundationCapture.swift in Sources */ = {isa = PBXBuildFile; fileRef = F0000000000000000000001D /* AVFoundationCapture.swift */; };
		A00000000000000000000013 /* CaptureViews.swift in Sources */ = {isa = PBXBuildFile; fileRef = F0000000000000000000001E /* CaptureViews.swift */; };
		A00000000000000000000014 /* PhotoReviewViews.swift in Sources */ = {isa = PBXBuildFile; fileRef = F0000000000000000000001F /* PhotoReviewViews.swift */; };
		A00000000000000000000030 /* SubscriptionModels.swift in Sources */ = {isa = PBXBuildFile; fileRef = F00000000000000000000030 /* SubscriptionModels.swift */; };
		A00000000000000000000031 /* SubscriptionClient.swift in Sources */ = {isa = PBXBuildFile; fileRef = F00000000000000000000031 /* SubscriptionClient.swift */; };
		A00000000000000000000032 /* RevenueCatSubscriptionClient.swift in Sources */ = {isa = PBXBuildFile; fileRef = F00000000000000000000032 /* RevenueCatSubscriptionClient.swift */; };
		A00000000000000000000033 /* SubscriptionStore.swift in Sources */ = {isa = PBXBuildFile; fileRef = F00000000000000000000033 /* SubscriptionStore.swift */; };
		A00000000000000000000036 /* SubscriptionStatusView.swift in Sources */ = {isa = PBXBuildFile; fileRef = F00000000000000000000036 /* SubscriptionStatusView.swift */; };
		A00000000000000000000035 /* RevenueCat in Frameworks */ = {isa = PBXBuildFile; productRef = 900000000000000000000002 /* RevenueCat */; };
		208A00000000000000000001 /* HomeDomain.swift in Sources */ = {isa = PBXBuildFile; fileRef = 208F00000000000000000002 /* HomeDomain.swift */; };
		208A00000000000000000002 /* HomeRepository.swift in Sources */ = {isa = PBXBuildFile; fileRef = 208F00000000000000000003 /* HomeRepository.swift */; };
		208A00000000000000000004 /* HomeViews.swift in Sources */ = {isa = PBXBuildFile; fileRef = 208F00000000000000000005 /* HomeViews.swift */; };
		761A00000000000000000001 /* HomeScoutMotion.swift in Sources */ = {isa = PBXBuildFile; fileRef = 761F00000000000000000001 /* HomeScoutMotion.swift */; };
		761A00000000000000000002 /* HomeScoutMotion in Resources */ = {isa = PBXBuildFile; fileRef = 761F00000000000000000002 /* HomeScoutMotion */; };
		208A00000000000000000005 /* ClerkAuthentication.swift in Sources */ = {isa = PBXBuildFile; fileRef = 208F00000000000000000008 /* ClerkAuthentication.swift */; };
		208A00000000000000000006 /* ClerkKit in Frameworks */ = {isa = PBXBuildFile; productRef = 208900000000000000000002 /* ClerkKit */; };
		812A00000000000000000001 /* LegalDestination.swift in Sources */ = {isa = PBXBuildFile; fileRef = 812E00000000000000000001 /* LegalDestination.swift */; };
		812A00000000000000000002 /* LegalLinkRow.swift in Sources */ = {isa = PBXBuildFile; fileRef = 812E00000000000000000002 /* LegalLinkRow.swift */; };
		743A00000000000000000002 /* ClerkKitUI in Frameworks */ = {isa = PBXBuildFile; productRef = 743900000000000000000002 /* ClerkKitUI */; };
		B00000000000000000000001 /* AccessibilityFoundationTests.swift in Sources */ = {isa = PBXBuildFile; fileRef = F00000000000000000000011 /* AccessibilityFoundationTests.swift */; };
		B00000000000000000000002 /* AppNavigationTests.swift in Sources */ = {isa = PBXBuildFile; fileRef = F00000000000000000000012 /* AppNavigationTests.swift */; };
		B00000000000000000000003 /* MobileAPIContractTests.swift in Sources */ = {isa = PBXBuildFile; fileRef = F00000000000000000000013 /* MobileAPIContractTests.swift */; };
		B00000000000000000000004 /* VisualContractTests.swift in Sources */ = {isa = PBXBuildFile; fileRef = F00000000000000000000014 /* VisualContractTests.swift */; };
		B00000000000000000000005 /* DesignContracts in Resources */ = {isa = PBXBuildFile; fileRef = F0000000000000000000000E /* DesignContracts */; };
		B00000000000000000000006 /* OnboardingFlowTests.swift in Sources */ = {isa = PBXBuildFile; fileRef = F00000000000000000000017 /* OnboardingFlowTests.swift */; };
		B00000000000000000000007 /* CaptureFramingTests.swift in Sources */ = {isa = PBXBuildFile; fileRef = F00000000000000000000019 /* CaptureFramingTests.swift */; };
		B00000000000000000000008 /* CaptureDraftStoreTests.swift in Sources */ = {isa = PBXBuildFile; fileRef = F0000000000000000000001A /* CaptureDraftStoreTests.swift */; };
		B00000000000000000000009 /* CaptureFlowTests.swift in Sources */ = {isa = PBXBuildFile; fileRef = F0000000000000000000001B /* CaptureFlowTests.swift */; };
		B00000000000000000000030 /* SubscriptionClientTests.swift in Sources */ = {isa = PBXBuildFile; fileRef = F00000000000000000000034 /* SubscriptionClientTests.swift */; };
		208B00000000000000000001 /* HomeFeatureTests.swift in Sources */ = {isa = PBXBuildFile; fileRef = 208F00000000000000000001 /* HomeFeatureTests.swift */; };
		229B00000000000000000001 /* AnalyticsContractTests.swift in Sources */ = {isa = PBXBuildFile; fileRef = 229F00000000000000000001 /* AnalyticsContractTests.swift */; };
		317B00000000000000000001 /* RunAPIClientTests.swift in Sources */ = {isa = PBXBuildFile; fileRef = 317F00000000000000000001 /* RunAPIClientTests.swift */; };
		317B00000000000000000002 /* RunStoreTests.swift in Sources */ = {isa = PBXBuildFile; fileRef = 317F00000000000000000002 /* RunStoreTests.swift */; };
		229A00000000000000000001 /* AnalyticsContracts.swift in Sources */ = {isa = PBXBuildFile; fileRef = 229E00000000000000000001 /* AnalyticsContracts.swift */; };
		229A00000000000000000002 /* AnalyticsSanitizer.swift in Sources */ = {isa = PBXBuildFile; fileRef = 229E00000000000000000002 /* AnalyticsSanitizer.swift */; };
		229A00000000000000000003 /* AnalyticsClient.swift in Sources */ = {isa = PBXBuildFile; fileRef = 229E00000000000000000003 /* AnalyticsClient.swift */; };
		229A00000000000000000004 /* AnalyticsPersistence.swift in Sources */ = {isa = PBXBuildFile; fileRef = 229E00000000000000000004 /* AnalyticsPersistence.swift */; };
		229A00000000000000000005 /* AnalyticsRouting.swift in Sources */ = {isa = PBXBuildFile; fileRef = 229E00000000000000000005 /* AnalyticsRouting.swift */; };
		271A00000000000000000001 /* PostHogAnalyticsClient.swift in Sources */ = {isa = PBXBuildFile; fileRef = 271E00000000000000000001 /* PostHogAnalyticsClient.swift */; };
		633A00000000000000000001 /* FunnelAnalytics.swift in Sources */ = {isa = PBXBuildFile; fileRef = 633E00000000000000000001 /* FunnelAnalytics.swift */; };
		317A00000000000000000001 /* RunModels.swift in Sources */ = {isa = PBXBuildFile; fileRef = 317E00000000000000000001 /* RunModels.swift */; };
		317A00000000000000000002 /* RunAPIClient.swift in Sources */ = {isa = PBXBuildFile; fileRef = 317E00000000000000000002 /* RunAPIClient.swift */; };
		317A00000000000000000003 /* RunStore.swift in Sources */ = {isa = PBXBuildFile; fileRef = 317E00000000000000000003 /* RunStore.swift */; };
		737A00000000000000000001 /* ProcessingActionExecutor.swift in Sources */ = {isa = PBXBuildFile; fileRef = 737E00000000000000000001 /* ProcessingActionExecutor.swift */; };
		737A00000000000000000002 /* ListingReviewPresentationHost.swift in Sources */ = {isa = PBXBuildFile; fileRef = 737E00000000000000000002 /* ListingReviewPresentationHost.swift */; };
		325A00000000000000000001 /* RunDetailView.swift in Sources */ = {isa = PBXBuildFile; fileRef = 325E00000000000000000001 /* RunDetailView.swift */; };
		566A00000000000000000001 /* ActivationGuidanceDomain.swift in Sources */ = {isa = PBXBuildFile; fileRef = 566F00000000000000000001 /* ActivationGuidanceDomain.swift */; };
		566A00000000000000000002 /* ActivationGuidanceCoachMark.swift in Sources */ = {isa = PBXBuildFile; fileRef = 566F00000000000000000002 /* ActivationGuidanceCoachMark.swift */; };
		566A00000000000000000003 /* ActivationGuidance in Resources */ = {isa = PBXBuildFile; fileRef = 566F00000000000000000003 /* ActivationGuidance */; };
		376A00000000000000000001 /* ListingReviewModels.swift in Sources */ = {isa = PBXBuildFile; fileRef = 376E00000000000000000001 /* ListingReviewModels.swift */; };
		558A00000000000000000001 /* ListingReviewClient.swift in Sources */ = {isa = PBXBuildFile; fileRef = 558E00000000000000000001 /* ListingReviewClient.swift */; };
		558A00000000000000000002 /* ListingReviewDraftPersistence.swift in Sources */ = {isa = PBXBuildFile; fileRef = 558E00000000000000000002 /* ListingReviewDraftPersistence.swift */; };
		558A00000000000000000003 /* ListingReviewStore.swift in Sources */ = {isa = PBXBuildFile; fileRef = 558E00000000000000000003 /* ListingReviewStore.swift */; };
		558B00000000000000000001 /* ListingReviewStoreTests.swift in Sources */ = {isa = PBXBuildFile; fileRef = 558F00000000000000000001 /* ListingReviewStoreTests.swift */; };
		376B00000000000000000001 /* ListingReviewPresentationTests.swift in Sources */ = {isa = PBXBuildFile; fileRef = 376F00000000000000000001 /* ListingReviewPresentationTests.swift */; };
		483A00000000000000000001 /* SentryCrashReporting.swift in Sources */ = {isa = PBXBuildFile; fileRef = 483E00000000000000000001 /* SentryCrashReporting.swift */; };
		483A00000000000000000002 /* Sentry in Frameworks */ = {isa = PBXBuildFile; productRef = 483900000000000000000002 /* Sentry */; };
		483B00000000000000000001 /* CrashReportScrubbingTests.swift in Sources */ = {isa = PBXBuildFile; fileRef = 483F00000000000000000001 /* CrashReportScrubbingTests.swift */; };
		550A00000000000000000001 /* ListingReviewComponents.swift in Sources */ = {isa = PBXBuildFile; fileRef = 550E00000000000000000001 /* ListingReviewComponents.swift */; };
		550A00000000000000000002 /* ListingReviewEditorView.swift in Sources */ = {isa = PBXBuildFile; fileRef = 550E00000000000000000002 /* ListingReviewEditorView.swift */; };
		550A00000000000000000003 /* ItemSpecificsEditorView.swift in Sources */ = {isa = PBXBuildFile; fileRef = 550E00000000000000000003 /* ItemSpecificsEditorView.swift */; };
		550A00000000000000000004 /* SoldMatchDetailView.swift in Sources */ = {isa = PBXBuildFile; fileRef = 550E00000000000000000004 /* SoldMatchDetailView.swift */; };
		581A00000000000000000001 /* AssistedExportDomain.swift in Sources */ = {isa = PBXBuildFile; fileRef = 581E00000000000000000001 /* AssistedExportDomain.swift */; };
		581A00000000000000000002 /* AssistedExportView.swift in Sources */ = {isa = PBXBuildFile; fileRef = 581E00000000000000000002 /* AssistedExportView.swift */; };
		581A00000000000000000003 /* AssistedExportFixtureView.swift in Sources */ = {isa = PBXBuildFile; fileRef = 581E00000000000000000003 /* AssistedExportFixtureView.swift */; };
		581A00000000000000000004 /* AssistedExportClient.swift in Sources */ = {isa = PBXBuildFile; fileRef = 581E00000000000000000004 /* AssistedExportClient.swift */; };
		581A00000000000000000005 /* AssistedExportStore.swift in Sources */ = {isa = PBXBuildFile; fileRef = 581E00000000000000000005 /* AssistedExportStore.swift */; };
		581A00000000000000000006 /* AssistedExportDeviceActions.swift in Sources */ = {isa = PBXBuildFile; fileRef = 581E00000000000000000006 /* AssistedExportDeviceActions.swift */; };
		667A00000000000000000001 /* PrivacyInfo.xcprivacy in Resources */ = {isa = PBXBuildFile; fileRef = 667F00000000000000000001 /* PrivacyInfo.xcprivacy */; };
		581B00000000000000000002 /* AssistedExportLaunchTests.swift in Sources */ = {isa = PBXBuildFile; fileRef = 581F00000000000000000003 /* AssistedExportLaunchTests.swift */; };
		581B00000000000000000001 /* AssistedExportDomainTests.swift in Sources */ = {isa = PBXBuildFile; fileRef = 581F00000000000000000001 /* AssistedExportDomainTests.swift */; };
		581B00000000000000000004 /* AssistedExportClientTests.swift in Sources */ = {isa = PBXBuildFile; fileRef = 581F00000000000000000004 /* AssistedExportClientTests.swift */; };
		377B00000000000000000001 /* EbayPublishDeliveryTests.swift in Sources */ = {isa = PBXBuildFile; fileRef = 377F00000000000000000001 /* EbayPublishDeliveryTests.swift */; };
		377B00000000000000000002 /* GuestClaimTests.swift in Sources */ = {isa = PBXBuildFile; fileRef = 377F00000000000000000002 /* GuestClaimTests.swift */; };
		848B00000000000000000001 /* IncludedOfferRedemptionCoordinatorTests.swift in Sources */ = {isa = PBXBuildFile; fileRef = 848F00000000000000000001 /* IncludedOfferRedemptionCoordinatorTests.swift */; };
		890B00000000000000000001 /* PushRegistrationTests.swift in Sources */ = {isa = PBXBuildFile; fileRef = 890F00000000000000000001 /* PushRegistrationTests.swift */; };
		379B00000000000000000001 /* ProGateStoreTests.swift in Sources */ = {isa = PBXBuildFile; fileRef = 379F00000000000000000001 /* ProGateStoreTests.swift */; };
		385B00000000000000000001 /* SettingsTests.swift in Sources */ = {isa = PBXBuildFile; fileRef = 385F00000000000000000001 /* SettingsTests.swift */; };
		865B00000000000000000001 /* EbayConnectionSettingsTests.swift in Sources */ = {isa = PBXBuildFile; fileRef = 865F00000000000000000001 /* EbayConnectionSettingsTests.swift */; };
		386B00000000000000000001 /* AccountDeletionTests.swift in Sources */ = {isa = PBXBuildFile; fileRef = 386F00000000000000000001 /* AccountDeletionTests.swift */; };
		386A00000000000000000001 /* AccountDeletion.swift in Sources */ = {isa = PBXBuildFile; fileRef = 386E00000000000000000001 /* AccountDeletion.swift */; };
		386A00000000000000000002 /* AccountErasureClient.swift in Sources */ = {isa = PBXBuildFile; fileRef = 386E00000000000000000002 /* AccountErasureClient.swift */; };
		386B00000000000000000002 /* AccountErasureClientTests.swift in Sources */ = {isa = PBXBuildFile; fileRef = 386F00000000000000000002 /* AccountErasureClientTests.swift */; };
		719B00000000000000000001 /* PrivacyDisclosureTests.swift in Sources */ = {isa = PBXBuildFile; fileRef = 719F00000000000000000001 /* PrivacyDisclosureTests.swift */; };
		377A00000000000000000001 /* EbayPublishDelivery.swift in Sources */ = {isa = PBXBuildFile; fileRef = 377E00000000000000000001 /* EbayPublishDelivery.swift */; };
		377A00000000000000000002 /* EbayPublishClient.swift in Sources */ = {isa = PBXBuildFile; fileRef = 377E00000000000000000002 /* EbayPublishClient.swift */; };
		865A00000000000000000001 /* EbayConnectionSettings.swift in Sources */ = {isa = PBXBuildFile; fileRef = 865E00000000000000000001 /* EbayConnectionSettings.swift */; };
		896A00000000000000000001 /* SnapListPageDots.swift in Sources */ = {isa = PBXBuildFile; fileRef = 896E00000000000000000001 /* SnapListPageDots.swift */; };
		377A00000000000000000003 /* GuestClaimDomain.swift in Sources */ = {isa = PBXBuildFile; fileRef = 377E00000000000000000003 /* GuestClaimDomain.swift */; };
		377A00000000000000000004 /* GuestClaimClient.swift in Sources */ = {isa = PBXBuildFile; fileRef = 377E00000000000000000004 /* GuestClaimClient.swift */; };
		377A00000000000000000005 /* EbayPublishFlow.swift in Sources */ = {isa = PBXBuildFile; fileRef = 377E00000000000000000005 /* EbayPublishFlow.swift */; };
		377A00000000000000000006 /* EbayPublishView.swift in Sources */ = {isa = PBXBuildFile; fileRef = 377E00000000000000000006 /* EbayPublishView.swift */; };
		742A00000000000000000001 /* EbayPublishFixtureView.swift in Sources */ = {isa = PBXBuildFile; fileRef = 742E00000000000000000001 /* EbayPublishFixtureView.swift */; };
		743A00000000000000000001 /* GuestClaimFixtureView.swift in Sources */ = {isa = PBXBuildFile; fileRef = 743E00000000000000000001 /* GuestClaimFixtureView.swift */; };
		742C00000000000000000001 /* EbayPublishUITests.swift in Sources */ = {isa = PBXBuildFile; fileRef = 742F00000000000000000001 /* EbayPublishUITests.swift */; };
		379A00000000000000000001 /* ProGateStore.swift in Sources */ = {isa = PBXBuildFile; fileRef = 379E00000000000000000001 /* ProGateStore.swift */; };
		848A00000000000000000001 /* IncludedOfferRedemptionCoordinator.swift in Sources */ = {isa = PBXBuildFile; fileRef = 848E00000000000000000001 /* IncludedOfferRedemptionCoordinator.swift */; };
		890A00000000000000000001 /* PushRegistrationDomain.swift in Sources */ = {isa = PBXBuildFile; fileRef = 890E00000000000000000001 /* PushRegistrationDomain.swift */; };
		890A00000000000000000005 /* PushForegroundNotification.swift in Sources */ = {isa = PBXBuildFile; fileRef = 890E00000000000000000005 /* PushForegroundNotification.swift */; };
		890A00000000000000000002 /* PushRegistrationComposition.swift in Sources */ = {isa = PBXBuildFile; fileRef = 890E00000000000000000002 /* PushRegistrationComposition.swift */; };
		890A00000000000000000003 /* PushDeviceTokenClient.swift in Sources */ = {isa = PBXBuildFile; fileRef = 890E00000000000000000003 /* PushDeviceTokenClient.swift */; };
		890A00000000000000000004 /* PushRegistrationAppDelegate.swift in Sources */ = {isa = PBXBuildFile; fileRef = 890E00000000000000000004 /* PushRegistrationAppDelegate.swift */; };
		379A00000000000000000002 /* ProGateView.swift in Sources */ = {isa = PBXBuildFile; fileRef = 379E00000000000000000002 /* ProGateView.swift */; };
		385A00000000000000000001 /* SettingsDomain.swift in Sources */ = {isa = PBXBuildFile; fileRef = 385E00000000000000000001 /* SettingsDomain.swift */; };
		385A00000000000000000002 /* SettingsView.swift in Sources */ = {isa = PBXBuildFile; fileRef = 385E00000000000000000002 /* SettingsView.swift */; };
		385A00000000000000000003 /* SettingsSellingHintRow.swift in Sources */ = {isa = PBXBuildFile; fileRef = 385E00000000000000000003 /* SettingsSellingHintRow.swift */; };
		385C00000000000000000001 /* AccountDeletionUITests.swift in Sources */ = {isa = PBXBuildFile; fileRef = 385F00000000000000000009 /* AccountDeletionUITests.swift */; };
		581C00000000000000000001 /* AssistedExportUITests.swift in Sources */ = {isa = PBXBuildFile; fileRef = 581F00000000000000000002 /* AssistedExportUITests.swift */; };
		550A00000000000000000005 /* ListingReviewView.swift in Sources */ = {isa = PBXBuildFile; fileRef = 550E00000000000000000005 /* ListingReviewView.swift */; };
		550C00000000000000000001 /* ListingReviewUITests.swift in Sources */ = {isa = PBXBuildFile; fileRef = 550F00000000000000000001 /* ListingReviewUITests.swift */; };
		457A00000000000000000001 /* ItemRunSubmission.swift in Sources */ = {isa = PBXBuildFile; fileRef = 457E00000000000000000001 /* ItemRunSubmission.swift */; };
		457A00000000000000000002 /* ItemRunSubmissionCoordinator.swift in Sources */ = {isa = PBXBuildFile; fileRef = 457E00000000000000000002 /* ItemRunSubmissionCoordinator.swift */; };
		503A00000000000000000001 /* ItemRunSubmissionDebugFixtures.swift in Sources */ = {isa = PBXBuildFile; fileRef = 503E00000000000000000001 /* ItemRunSubmissionDebugFixtures.swift */; };
		457A00000000000000000003 /* ItemRunSubmissionAttemptStore.swift in Sources */ = {isa = PBXBuildFile; fileRef = 457E00000000000000000003 /* ItemRunSubmissionAttemptStore.swift */; };
		457A00000000000000000004 /* ItemRunSubmissionClient.swift in Sources */ = {isa = PBXBuildFile; fileRef = 457E00000000000000000004 /* ItemRunSubmissionClient.swift */; };
		457B00000000000000000001 /* ItemRunSubmissionTests.swift in Sources */ = {isa = PBXBuildFile; fileRef = 457F00000000000000000001 /* ItemRunSubmissionTests.swift */; };
		457B00000000000000000002 /* ItemRunSubmissionClientTests.swift in Sources */ = {isa = PBXBuildFile; fileRef = 457F00000000000000000002 /* ItemRunSubmissionClientTests.swift */; };
		638A00000000000000000001 /* GuestRecoveryAuthority.swift in Sources */ = {isa = PBXBuildFile; fileRef = 638E00000000000000000001 /* GuestRecoveryAuthority.swift */; };
		638B00000000000000000001 /* GuestRecoveryAuthorityTests.swift in Sources */ = {isa = PBXBuildFile; fileRef = 638F00000000000000000001 /* GuestRecoveryAuthorityTests.swift */; };
		331A00000000000000000001 /* AppAttestClient.swift in Sources */ = {isa = PBXBuildFile; fileRef = 331E00000000000000000001 /* AppAttestClient.swift */; };
		331B00000000000000000001 /* AppAttestClientTests.swift in Sources */ = {isa = PBXBuildFile; fileRef = 331F00000000000000000001 /* AppAttestClientTests.swift */; };
		331B00000000000000000727 /* GuestCapabilityBearerTests.swift in Sources */ = {isa = PBXBuildFile; fileRef = 331F00000000000000000727 /* GuestCapabilityBearerTests.swift */; };
		271A00000000000000000002 /* PostHog in Frameworks */ = {isa = PBXBuildFile; productRef = 271900000000000000000002 /* PostHog */; };
		469A00000000000000000001 /* VoiceNoteDomain.swift in Sources */ = {isa = PBXBuildFile; fileRef = 469E00000000000000000001 /* VoiceNoteDomain.swift */; };
		469A00000000000000000002 /* AVFoundationVoiceNote.swift in Sources */ = {isa = PBXBuildFile; fileRef = 469E00000000000000000002 /* AVFoundationVoiceNote.swift */; };
		469A00000000000000000003 /* VoiceNoteView.swift in Sources */ = {isa = PBXBuildFile; fileRef = 469E00000000000000000003 /* VoiceNoteView.swift */; };
		540A00000000000000000002 /* NativeIntake.swift in Sources */ = {isa = PBXBuildFile; fileRef = 540E00000000000000000002 /* NativeIntake.swift */; };
		469B00000000000000000001 /* VoiceNoteTests.swift in Sources */ = {isa = PBXBuildFile; fileRef = 469F00000000000000000001 /* VoiceNoteTests.swift */; };
		540B00000000000000000002 /* NativeIntakeTests.swift in Sources */ = {isa = PBXBuildFile; fileRef = 540F00000000000000000002 /* NativeIntakeTests.swift */; };
		545B00000000000000000001 /* NativeIntakeAdoptionTests.swift in Sources */ = {isa = PBXBuildFile; fileRef = 545F00000000000000000001 /* NativeIntakeAdoptionTests.swift */; };
		C00000000000000000000001 /* FidelityScreenshotTests.swift in Sources */ = {isa = PBXBuildFile; fileRef = F00000000000000000000015 /* FidelityScreenshotTests.swift */; };
		C00000000000000000000002 /* SnapListUITests.swift in Sources */ = {isa = PBXBuildFile; fileRef = F00000000000000000000016 /* SnapListUITests.swift */; };
		208C00000000000000000001 /* HomeUITests.swift in Sources */ = {isa = PBXBuildFile; fileRef = 208F00000000000000000006 /* HomeUITests.swift */; };
		208C00000000000000000002 /* HomeVisualRegressionTests.swift in Sources */ = {isa = PBXBuildFile; fileRef = 208F00000000000000000007 /* HomeVisualRegressionTests.swift */; };
/* End PBXBuildFile section */

/* Begin PBXContainerItemProxy section */
		D00000000000000000000001 /* PBXContainerItemProxy */ = {
			isa = PBXContainerItemProxy;
			containerPortal = E00000000000000000000001 /* Project object */;
			proxyType = 1;
			remoteGlobalIDString = E00000000000000000000002;
			remoteInfo = SnapList;
		};
		D00000000000000000000002 /* PBXContainerItemProxy */ = {
			isa = PBXContainerItemProxy;
			containerPortal = E00000000000000000000001 /* Project object */;
			proxyType = 1;
			remoteGlobalIDString = E00000000000000000000002;
			remoteInfo = SnapList;
		};
/* End PBXContainerItemProxy section */

/* Begin PBXFileReference section */
		F00000000000000000000001 /* SnapListApp.swift */ = {isa = PBXFileReference; lastKnownFileType = sourcecode.swift; path = SnapListApp.swift; sourceTree = "<group>"; };
		F00000000000000000000002 /* AppDependenciesEnvironment.swift */ = {isa = PBXFileReference; lastKnownFileType = sourcecode.swift; path = AppDependenciesEnvironment.swift; sourceTree = "<group>"; };
		F00000000000000000000004 /* AppShellView.swift */ = {isa = PBXFileReference; lastKnownFileType = sourcecode.swift; path = AppShellView.swift; sourceTree = "<group>"; };
		F00000000000000000000005 /* FloatingDock.swift */ = {isa = PBXFileReference; lastKnownFileType = sourcecode.swift; path = FloatingDock.swift; sourceTree = "<group>"; };
		F00000000000000000000006 /* MobileAPIClient.swift */ = {isa = PBXFileReference; lastKnownFileType = sourcecode.swift; path = MobileAPIClient.swift; sourceTree = "<group>"; };
		F00000000000000000000007 /* MobileAPIModels.swift */ = {isa = PBXFileReference; lastKnownFileType = sourcecode.swift; path = MobileAPIModels.swift; sourceTree = "<group>"; };
		F00000000000000000000008 /* LaunchConfiguration.swift */ = {isa = PBXFileReference; lastKnownFileType = sourcecode.swift; path = Fixtures/LaunchConfiguration.swift; sourceTree = "<group>"; };
		F00000000000000000000009 /* FoundationPrimitives.swift */ = {isa = PBXFileReference; lastKnownFileType = sourcecode.swift; path = FoundationPrimitives.swift; sourceTree = "<group>"; };
		F0000000000000000000000A /* SnapListTokens.swift */ = {isa = PBXFileReference; lastKnownFileType = sourcecode.swift; path = SnapListTokens.swift; sourceTree = "<group>"; };
		F0000000000000000000000B /* FoundationDestinationView.swift */ = {isa = PBXFileReference; lastKnownFileType = sourcecode.swift; path = FoundationDestinationView.swift; sourceTree = "<group>"; };
		F0000000000000000000000C /* AppNavigation.swift */ = {isa = PBXFileReference; lastKnownFileType = sourcecode.swift; path = AppNavigation.swift; sourceTree = "<group>"; };
		F0000000000000000000000D /* Assets.xcassets */ = {isa = PBXFileReference; lastKnownFileType = folder.assetcatalog; path = Resources/Assets.xcassets; sourceTree = "<group>"; };
		F0000000000000000000000E /* DesignContracts */ = {isa = PBXFileReference; lastKnownFileType = folder; path = DesignContracts; sourceTree = "<group>"; };
		F0000000000000000000000F /* OnboardingCapabilities.swift */ = {isa = PBXFileReference; lastKnownFileType = sourcecode.swift; path = OnboardingCapabilities.swift; sourceTree = "<group>"; };
		F00000000000000000000010 /* OnboardingDomain.swift */ = {isa = PBXFileReference; lastKnownFileType = sourcecode.swift; path = OnboardingDomain.swift; sourceTree = "<group>"; };
		F00000000000000000000011 /* AccessibilityFoundationTests.swift */ = {isa = PBXFileReference; lastKnownFileType = sourcecode.swift; path = AccessibilityFoundationTests.swift; sourceTree = "<group>"; };
		F00000000000000000000012 /* AppNavigationTests.swift */ = {isa = PBXFileReference; lastKnownFileType = sourcecode.swift; path = AppNavigationTests.swift; sourceTree = "<group>"; };
		F00000000000000000000013 /* MobileAPIContractTests.swift */ = {isa = PBXFileReference; lastKnownFileType = sourcecode.swift; path = MobileAPIContractTests.swift; sourceTree = "<group>"; };
		F00000000000000000000014 /* VisualContractTests.swift */ = {isa = PBXFileReference; lastKnownFileType = sourcecode.swift; path = VisualContractTests.swift; sourceTree = "<group>"; };
		F00000000000000000000015 /* FidelityScreenshotTests.swift */ = {isa = PBXFileReference; lastKnownFileType = sourcecode.swift; path = FidelityScreenshotTests.swift; sourceTree = "<group>"; };
		F00000000000000000000016 /* SnapListUITests.swift */ = {isa = PBXFileReference; lastKnownFileType = sourcecode.swift; path = SnapListUITests.swift; sourceTree = "<group>"; };
		208F00000000000000000006 /* HomeUITests.swift */ = {isa = PBXFileReference; lastKnownFileType = sourcecode.swift; path = HomeUITests.swift; sourceTree = "<group>"; };
		208F00000000000000000007 /* HomeVisualRegressionTests.swift */ = {isa = PBXFileReference; lastKnownFileType = sourcecode.swift; path = HomeVisualRegressionTests.swift; sourceTree = "<group>"; };
		F00000000000000000000017 /* OnboardingFlowTests.swift */ = {isa = PBXFileReference; lastKnownFileType = sourcecode.swift; path = OnboardingFlowTests.swift; sourceTree = "<group>"; };
		F00000000000000000000018 /* OnboardingFlowView.swift */ = {isa = PBXFileReference; lastKnownFileType = sourcecode.swift; path = OnboardingFlowView.swift; sourceTree = "<group>"; };
		685F00000000000000000001 /* FirstValueOnboardingView.swift */ = {isa = PBXFileReference; lastKnownFileType = sourcecode.swift; path = FirstValueOnboardingView.swift; sourceTree = "<group>"; };
		685F00000000000000000002 /* FirstValueOnboarding */ = {isa = PBXFileReference; lastKnownFileType = folder; path = Resources/FirstValueOnboarding; sourceTree = "<group>"; };
		F00000000000000000000019 /* CaptureFramingTests.swift */ = {isa = PBXFileReference; lastKnownFileType = sourcecode.swift; path = CaptureFramingTests.swift; sourceTree = "<group>"; };
		F0000000000000000000001A /* CaptureDraftStoreTests.swift */ = {isa = PBXFileReference; lastKnownFileType = sourcecode.swift; path = CaptureDraftStoreTests.swift; sourceTree = "<group>"; };
		F0000000000000000000001B /* CaptureFlowTests.swift */ = {isa = PBXFileReference; lastKnownFileType = sourcecode.swift; path = CaptureFlowTests.swift; sourceTree = "<group>"; };
		F0000000000000000000001C /* CaptureDomain.swift */ = {isa = PBXFileReference; lastKnownFileType = sourcecode.swift; path = Capture/CaptureDomain.swift; sourceTree = "<group>"; };
		F0000000000000000000001D /* AVFoundationCapture.swift */ = {isa = PBXFileReference; lastKnownFileType = sourcecode.swift; path = Capture/AVFoundationCapture.swift; sourceTree = "<group>"; };
		F0000000000000000000001E /* CaptureViews.swift */ = {isa = PBXFileReference; lastKnownFileType = sourcecode.swift; path = Capture/CaptureViews.swift; sourceTree = "<group>"; };
		F0000000000000000000001F /* PhotoReviewViews.swift */ = {isa = PBXFileReference; lastKnownFileType = sourcecode.swift; path = Capture/PhotoReviewViews.swift; sourceTree = "<group>"; };
		F00000000000000000000030 /* SubscriptionModels.swift */ = {isa = PBXFileReference; lastKnownFileType = sourcecode.swift; path = SubscriptionModels.swift; sourceTree = "<group>"; };
		F00000000000000000000031 /* SubscriptionClient.swift */ = {isa = PBXFileReference; lastKnownFileType = sourcecode.swift; path = SubscriptionClient.swift; sourceTree = "<group>"; };
		F00000000000000000000032 /* RevenueCatSubscriptionClient.swift */ = {isa = PBXFileReference; lastKnownFileType = sourcecode.swift; path = RevenueCatSubscriptionClient.swift; sourceTree = "<group>"; };
		F00000000000000000000033 /* SubscriptionStore.swift */ = {isa = PBXFileReference; lastKnownFileType = sourcecode.swift; path = SubscriptionStore.swift; sourceTree = "<group>"; };
		F00000000000000000000034 /* SubscriptionClientTests.swift */ = {isa = PBXFileReference; lastKnownFileType = sourcecode.swift; path = SubscriptionClientTests.swift; sourceTree = "<group>"; };
		F00000000000000000000036 /* SubscriptionStatusView.swift */ = {isa = PBXFileReference; lastKnownFileType = sourcecode.swift; path = SubscriptionStatusView.swift; sourceTree = "<group>"; };
		379E00000000000000000001 /* ProGateStore.swift */ = {isa = PBXFileReference; lastKnownFileType = sourcecode.swift; path = ProGateStore.swift; sourceTree = "<group>"; };
		848E00000000000000000001 /* IncludedOfferRedemptionCoordinator.swift */ = {isa = PBXFileReference; lastKnownFileType = sourcecode.swift; path = IncludedOfferRedemptionCoordinator.swift; sourceTree = "<group>"; };
		890E00000000000000000001 /* PushRegistrationDomain.swift */ = {isa = PBXFileReference; lastKnownFileType = sourcecode.swift; path = PushRegistrationDomain.swift; sourceTree = "<group>"; };
		890E00000000000000000005 /* PushForegroundNotification.swift */ = {isa = PBXFileReference; lastKnownFileType = sourcecode.swift; path = PushForegroundNotification.swift; sourceTree = "<group>"; };
		890E00000000000000000002 /* PushRegistrationComposition.swift */ = {isa = PBXFileReference; lastKnownFileType = sourcecode.swift; path = PushRegistrationComposition.swift; sourceTree = "<group>"; };
		890E00000000000000000003 /* PushDeviceTokenClient.swift */ = {isa = PBXFileReference; lastKnownFileType = sourcecode.swift; path = PushDeviceTokenClient.swift; sourceTree = "<group>"; };
		890E00000000000000000004 /* PushRegistrationAppDelegate.swift */ = {isa = PBXFileReference; lastKnownFileType = sourcecode.swift; path = PushRegistrationAppDelegate.swift; sourceTree = "<group>"; };
		379E00000000000000000002 /* ProGateView.swift */ = {isa = PBXFileReference; lastKnownFileType = sourcecode.swift; path = ProGateView.swift; sourceTree = "<group>"; };
		379F00000000000000000001 /* ProGateStoreTests.swift */ = {isa = PBXFileReference; lastKnownFileType = sourcecode.swift; path = ProGateStoreTests.swift; sourceTree = "<group>"; };
		208F00000000000000000001 /* HomeFeatureTests.swift */ = {isa = PBXFileReference; lastKnownFileType = sourcecode.swift; path = HomeFeatureTests.swift; sourceTree = "<group>"; };
		208F00000000000000000002 /* HomeDomain.swift */ = {isa = PBXFileReference; lastKnownFileType = sourcecode.swift; path = HomeDomain.swift; sourceTree = "<group>"; };
		208F00000000000000000003 /* HomeRepository.swift */ = {isa = PBXFileReference; lastKnownFileType = sourcecode.swift; path = HomeRepository.swift; sourceTree = "<group>"; };
		208F00000000000000000005 /* HomeViews.swift */ = {isa = PBXFileReference; lastKnownFileType = sourcecode.swift; path = HomeViews.swift; sourceTree = "<group>"; };
		761F00000000000000000001 /* HomeScoutMotion.swift */ = {isa = PBXFileReference; lastKnownFileType = sourcecode.swift; path = HomeScoutMotion.swift; sourceTree = "<group>"; };
		761F00000000000000000002 /* HomeScoutMotion */ = {isa = PBXFileReference; lastKnownFileType = folder; path = Resources/HomeScoutMotion; sourceTree = "<group>"; };
		208F00000000000000000008 /* ClerkAuthentication.swift */ = {isa = PBXFileReference; lastKnownFileType = sourcecode.swift; path = ClerkAuthentication.swift; sourceTree = "<group>"; };
		812E00000000000000000001 /* LegalDestination.swift */ = {isa = PBXFileReference; lastKnownFileType = sourcecode.swift; path = LegalDestination.swift; sourceTree = "<group>"; };
		812E00000000000000000002 /* LegalLinkRow.swift */ = {isa = PBXFileReference; lastKnownFileType = sourcecode.swift; path = LegalLinkRow.swift; sourceTree = "<group>"; };
		208F00000000000000000009 /* Info.plist */ = {isa = PBXFileReference; lastKnownFileType = text.plist.xml; path = Info.plist; sourceTree = "<group>"; };
		667F00000000000000000001 /* PrivacyInfo.xcprivacy */ = {isa = PBXFileReference; lastKnownFileType = text.plist.xml; path = PrivacyInfo.xcprivacy; sourceTree = "<group>"; };
		229F00000000000000000001 /* AnalyticsContractTests.swift */ = {isa = PBXFileReference; lastKnownFileType = sourcecode.swift; path = AnalyticsContractTests.swift; sourceTree = "<group>"; };
		317F00000000000000000001 /* RunAPIClientTests.swift */ = {isa = PBXFileReference; lastKnownFileType = sourcecode.swift; path = RunAPIClientTests.swift; sourceTree = "<group>"; };
		317F00000000000000000002 /* RunStoreTests.swift */ = {isa = PBXFileReference; lastKnownFileType = sourcecode.swift; path = RunStoreTests.swift; sourceTree = "<group>"; };
		229E00000000000000000001 /* AnalyticsContracts.swift */ = {isa = PBXFileReference; lastKnownFileType = sourcecode.swift; path = AnalyticsContracts.swift; sourceTree = "<group>"; };
		229E00000000000000000002 /* AnalyticsSanitizer.swift */ = {isa = PBXFileReference; lastKnownFileType = sourcecode.swift; path = AnalyticsSanitizer.swift; sourceTree = "<group>"; };
		229E00000000000000000003 /* AnalyticsClient.swift */ = {isa = PBXFileReference; lastKnownFileType = sourcecode.swift; path = AnalyticsClient.swift; sourceTree = "<group>"; };
		229E00000000000000000004 /* AnalyticsPersistence.swift */ = {isa = PBXFileReference; lastKnownFileType = sourcecode.swift; path = AnalyticsPersistence.swift; sourceTree = "<group>"; };
		229E00000000000000000005 /* AnalyticsRouting.swift */ = {isa = PBXFileReference; lastKnownFileType = sourcecode.swift; path = AnalyticsRouting.swift; sourceTree = "<group>"; };
		271E00000000000000000001 /* PostHogAnalyticsClient.swift */ = {isa = PBXFileReference; lastKnownFileType = sourcecode.swift; path = PostHogAnalyticsClient.swift; sourceTree = "<group>"; };
		633E00000000000000000001 /* FunnelAnalytics.swift */ = {isa = PBXFileReference; lastKnownFileType = sourcecode.swift; path = FunnelAnalytics.swift; sourceTree = "<group>"; };
		317E00000000000000000001 /* RunModels.swift */ = {isa = PBXFileReference; lastKnownFileType = sourcecode.swift; path = RunModels.swift; sourceTree = "<group>"; };
		317E00000000000000000002 /* RunAPIClient.swift */ = {isa = PBXFileReference; lastKnownFileType = sourcecode.swift; path = RunAPIClient.swift; sourceTree = "<group>"; };
		317E00000000000000000003 /* RunStore.swift */ = {isa = PBXFileReference; lastKnownFileType = sourcecode.swift; path = RunStore.swift; sourceTree = "<group>"; };
		737E00000000000000000001 /* ProcessingActionExecutor.swift */ = {isa = PBXFileReference; lastKnownFileType = sourcecode.swift; path = ProcessingActionExecutor.swift; sourceTree = "<group>"; };
		737E00000000000000000002 /* ListingReviewPresentationHost.swift */ = {isa = PBXFileReference; lastKnownFileType = sourcecode.swift; path = ListingReviewPresentationHost.swift; sourceTree = "<group>"; };
		325E00000000000000000001 /* RunDetailView.swift */ = {isa = PBXFileReference; lastKnownFileType = sourcecode.swift; path = RunDetailView.swift; sourceTree = "<group>"; };
		566F00000000000000000001 /* ActivationGuidanceDomain.swift */ = {isa = PBXFileReference; lastKnownFileType = sourcecode.swift; path = SnapList/Features/ActivationGuidance/ActivationGuidanceDomain.swift; sourceTree = "<group>"; };
		566F00000000000000000002 /* ActivationGuidanceCoachMark.swift */ = {isa = PBXFileReference; lastKnownFileType = sourcecode.swift; path = SnapList/Features/ActivationGuidance/ActivationGuidanceCoachMark.swift; sourceTree = "<group>"; };
		566F00000000000000000003 /* ActivationGuidance */ = {isa = PBXFileReference; lastKnownFileType = folder; path = Resources/ActivationGuidance; sourceTree = "<group>"; };
		376E00000000000000000001 /* ListingReviewModels.swift */ = {isa = PBXFileReference; lastKnownFileType = sourcecode.swift; path = ListingReviewModels.swift; sourceTree = "<group>"; };
		558E00000000000000000001 /* ListingReviewClient.swift */ = {isa = PBXFileReference; lastKnownFileType = sourcecode.swift; path = ListingReviewClient.swift; sourceTree = "<group>"; };
		558E00000000000000000002 /* ListingReviewDraftPersistence.swift */ = {isa = PBXFileReference; lastKnownFileType = sourcecode.swift; path = ListingReviewDraftPersistence.swift; sourceTree = "<group>"; };
		558E00000000000000000003 /* ListingReviewStore.swift */ = {isa = PBXFileReference; lastKnownFileType = sourcecode.swift; path = ListingReviewStore.swift; sourceTree = "<group>"; };
		558F00000000000000000001 /* ListingReviewStoreTests.swift */ = {isa = PBXFileReference; lastKnownFileType = sourcecode.swift; path = ListingReviewStoreTests.swift; sourceTree = "<group>"; };
		376F00000000000000000001 /* ListingReviewPresentationTests.swift */ = {isa = PBXFileReference; lastKnownFileType = sourcecode.swift; path = ListingReviewPresentationTests.swift; sourceTree = "<group>"; };
		483E00000000000000000001 /* SentryCrashReporting.swift */ = {isa = PBXFileReference; lastKnownFileType = sourcecode.swift; path = CrashReporting/SentryCrashReporting.swift; sourceTree = "<group>"; };
		483F00000000000000000001 /* CrashReportScrubbingTests.swift */ = {isa = PBXFileReference; lastKnownFileType = sourcecode.swift; path = CrashReportScrubbingTests.swift; sourceTree = "<group>"; };
		550E00000000000000000001 /* ListingReviewComponents.swift */ = {isa = PBXFileReference; lastKnownFileType = sourcecode.swift; path = ListingReviewComponents.swift; sourceTree = "<group>"; };
		550E00000000000000000002 /* ListingReviewEditorView.swift */ = {isa = PBXFileReference; lastKnownFileType = sourcecode.swift; path = ListingReviewEditorView.swift; sourceTree = "<group>"; };
		550E00000000000000000003 /* ItemSpecificsEditorView.swift */ = {isa = PBXFileReference; lastKnownFileType = sourcecode.swift; path = ItemSpecificsEditorView.swift; sourceTree = "<group>"; };
		550E00000000000000000004 /* SoldMatchDetailView.swift */ = {isa = PBXFileReference; lastKnownFileType = sourcecode.swift; path = SoldMatchDetailView.swift; sourceTree = "<group>"; };
		581E00000000000000000001 /* AssistedExportDomain.swift */ = {isa = PBXFileReference; lastKnownFileType = sourcecode.swift; path = AssistedExportDomain.swift; sourceTree = "<group>"; };
		581E00000000000000000002 /* AssistedExportView.swift */ = {isa = PBXFileReference; lastKnownFileType = sourcecode.swift; path = AssistedExportView.swift; sourceTree = "<group>"; };
		581E00000000000000000003 /* AssistedExportFixtureView.swift */ = {isa = PBXFileReference; lastKnownFileType = sourcecode.swift; path = AssistedExportFixtureView.swift; sourceTree = "<group>"; };
		581E00000000000000000004 /* AssistedExportClient.swift */ = {isa = PBXFileReference; lastKnownFileType = sourcecode.swift; path = AssistedExportClient.swift; sourceTree = "<group>"; };
		581E00000000000000000005 /* AssistedExportStore.swift */ = {isa = PBXFileReference; lastKnownFileType = sourcecode.swift; path = AssistedExportStore.swift; sourceTree = "<group>"; };
		581E00000000000000000006 /* AssistedExportDeviceActions.swift */ = {isa = PBXFileReference; lastKnownFileType = sourcecode.swift; path = AssistedExportDeviceActions.swift; sourceTree = "<group>"; };
		581F00000000000000000003 /* AssistedExportLaunchTests.swift */ = {isa = PBXFileReference; lastKnownFileType = sourcecode.swift; path = AssistedExportLaunchTests.swift; sourceTree = "<group>"; };
		581F00000000000000000001 /* AssistedExportDomainTests.swift */ = {isa = PBXFileReference; lastKnownFileType = sourcecode.swift; path = AssistedExportDomainTests.swift; sourceTree = "<group>"; };
		385F00000000000000000009 /* AccountDeletionUITests.swift */ = {isa = PBXFileReference; lastKnownFileType = sourcecode.swift; path = AccountDeletionUITests.swift; sourceTree = "<group>"; };
		581F00000000000000000002 /* AssistedExportUITests.swift */ = {isa = PBXFileReference; lastKnownFileType = sourcecode.swift; path = AssistedExportUITests.swift; sourceTree = "<group>"; };
		581F00000000000000000004 /* AssistedExportClientTests.swift */ = {isa = PBXFileReference; lastKnownFileType = sourcecode.swift; path = AssistedExportClientTests.swift; sourceTree = "<group>"; };
		377F00000000000000000001 /* EbayPublishDeliveryTests.swift */ = {isa = PBXFileReference; lastKnownFileType = sourcecode.swift; path = EbayPublishDeliveryTests.swift; sourceTree = "<group>"; };
		377F00000000000000000002 /* GuestClaimTests.swift */ = {isa = PBXFileReference; lastKnownFileType = sourcecode.swift; path = GuestClaimTests.swift; sourceTree = "<group>"; };
		848F00000000000000000001 /* IncludedOfferRedemptionCoordinatorTests.swift */ = {isa = PBXFileReference; lastKnownFileType = sourcecode.swift; path = IncludedOfferRedemptionCoordinatorTests.swift; sourceTree = "<group>"; };
		890F00000000000000000001 /* PushRegistrationTests.swift */ = {isa = PBXFileReference; lastKnownFileType = sourcecode.swift; path = PushRegistrationTests.swift; sourceTree = "<group>"; };
		377E00000000000000000001 /* EbayPublishDelivery.swift */ = {isa = PBXFileReference; lastKnownFileType = sourcecode.swift; path = EbayPublishDelivery.swift; sourceTree = "<group>"; };
		377E00000000000000000002 /* EbayPublishClient.swift */ = {isa = PBXFileReference; lastKnownFileType = sourcecode.swift; path = EbayPublishClient.swift; sourceTree = "<group>"; };
		865E00000000000000000001 /* EbayConnectionSettings.swift */ = {isa = PBXFileReference; lastKnownFileType = sourcecode.swift; path = EbayConnectionSettings.swift; sourceTree = "<group>"; };
		896E00000000000000000001 /* SnapListPageDots.swift */ = {isa = PBXFileReference; lastKnownFileType = sourcecode.swift; path = SnapListPageDots.swift; sourceTree = "<group>"; };
		377E00000000000000000003 /* GuestClaimDomain.swift */ = {isa = PBXFileReference; lastKnownFileType = sourcecode.swift; path = GuestClaimDomain.swift; sourceTree = "<group>"; };
		377E00000000000000000004 /* GuestClaimClient.swift */ = {isa = PBXFileReference; lastKnownFileType = sourcecode.swift; path = GuestClaimClient.swift; sourceTree = "<group>"; };
		377E00000000000000000005 /* EbayPublishFlow.swift */ = {isa = PBXFileReference; lastKnownFileType = sourcecode.swift; path = EbayPublishFlow.swift; sourceTree = "<group>"; };
		377E00000000000000000006 /* EbayPublishView.swift */ = {isa = PBXFileReference; lastKnownFileType = sourcecode.swift; path = EbayPublishView.swift; sourceTree = "<group>"; };
		742E00000000000000000001 /* EbayPublishFixtureView.swift */ = {isa = PBXFileReference; lastKnownFileType = sourcecode.swift; path = EbayPublishFixtureView.swift; sourceTree = "<group>"; };
		743E00000000000000000001 /* GuestClaimFixtureView.swift */ = {isa = PBXFileReference; lastKnownFileType = sourcecode.swift; path = GuestClaimFixtureView.swift; sourceTree = "<group>"; };
		742F00000000000000000001 /* EbayPublishUITests.swift */ = {isa = PBXFileReference; lastKnownFileType = sourcecode.swift; path = EbayPublishUITests.swift; sourceTree = "<group>"; };
		550E00000000000000000005 /* ListingReviewView.swift */ = {isa = PBXFileReference; lastKnownFileType = sourcecode.swift; path = ListingReviewView.swift; sourceTree = "<group>"; };
		550F00000000000000000001 /* ListingReviewUITests.swift */ = {isa = PBXFileReference; lastKnownFileType = sourcecode.swift; path = ListingReviewUITests.swift; sourceTree = "<group>"; };
		457E00000000000000000001 /* ItemRunSubmission.swift */ = {isa = PBXFileReference; lastKnownFileType = sourcecode.swift; path = ItemRunSubmission.swift; sourceTree = "<group>"; };
		457E00000000000000000002 /* ItemRunSubmissionCoordinator.swift */ = {isa = PBXFileReference; lastKnownFileType = sourcecode.swift; path = ItemRunSubmissionCoordinator.swift; sourceTree = "<group>"; };
		503E00000000000000000001 /* ItemRunSubmissionDebugFixtures.swift */ = {isa = PBXFileReference; lastKnownFileType = sourcecode.swift; path = ItemRunSubmissionDebugFixtures.swift; sourceTree = "<group>"; };
		457E00000000000000000003 /* ItemRunSubmissionAttemptStore.swift */ = {isa = PBXFileReference; lastKnownFileType = sourcecode.swift; path = ItemRunSubmissionAttemptStore.swift; sourceTree = "<group>"; };
		457E00000000000000000004 /* ItemRunSubmissionClient.swift */ = {isa = PBXFileReference; lastKnownFileType = sourcecode.swift; path = ItemRunSubmissionClient.swift; sourceTree = "<group>"; };
		457F00000000000000000001 /* ItemRunSubmissionTests.swift */ = {isa = PBXFileReference; lastKnownFileType = sourcecode.swift; path = ItemRunSubmissionTests.swift; sourceTree = "<group>"; };
		457F00000000000000000002 /* ItemRunSubmissionClientTests.swift */ = {isa = PBXFileReference; lastKnownFileType = sourcecode.swift; path = ItemRunSubmissionClientTests.swift; sourceTree = "<group>"; };
		638E00000000000000000001 /* GuestRecoveryAuthority.swift */ = {isa = PBXFileReference; lastKnownFileType = sourcecode.swift; path = GuestRecoveryAuthority.swift; sourceTree = "<group>"; };
		638F00000000000000000001 /* GuestRecoveryAuthorityTests.swift */ = {isa = PBXFileReference; lastKnownFileType = sourcecode.swift; path = GuestRecoveryAuthorityTests.swift; sourceTree = "<group>"; };
		331E00000000000000000001 /* AppAttestClient.swift */ = {isa = PBXFileReference; lastKnownFileType = sourcecode.swift; path = AppAttestClient.swift; sourceTree = "<group>"; };
		331F00000000000000000001 /* AppAttestClientTests.swift */ = {isa = PBXFileReference; lastKnownFileType = sourcecode.swift; path = AppAttestClientTests.swift; sourceTree = "<group>"; };
		331F00000000000000000727 /* GuestCapabilityBearerTests.swift */ = {isa = PBXFileReference; lastKnownFileType = sourcecode.swift; path = GuestCapabilityBearerTests.swift; sourceTree = "<group>"; };
		469E00000000000000000001 /* VoiceNoteDomain.swift */ = {isa = PBXFileReference; lastKnownFileType = sourcecode.swift; path = Capture/VoiceNoteDomain.swift; sourceTree = "<group>"; };
		469E00000000000000000002 /* AVFoundationVoiceNote.swift */ = {isa = PBXFileReference; lastKnownFileType = sourcecode.swift; path = Capture/AVFoundationVoiceNote.swift; sourceTree = "<group>"; };
		469E00000000000000000003 /* VoiceNoteView.swift */ = {isa = PBXFileReference; lastKnownFileType = sourcecode.swift; path = Capture/VoiceNoteView.swift; sourceTree = "<group>"; };
		469F00000000000000000001 /* VoiceNoteTests.swift */ = {isa = PBXFileReference; lastKnownFileType = sourcecode.swift; path = VoiceNoteTests.swift; sourceTree = "<group>"; };
		540E00000000000000000002 /* NativeIntake.swift */ = {isa = PBXFileReference; lastKnownFileType = sourcecode.swift; path = Capture/NativeIntake.swift; sourceTree = "<group>"; };
		540F00000000000000000002 /* NativeIntakeTests.swift */ = {isa = PBXFileReference; lastKnownFileType = sourcecode.swift; path = NativeIntakeTests.swift; sourceTree = "<group>"; };
		545F00000000000000000001 /* NativeIntakeAdoptionTests.swift */ = {isa = PBXFileReference; lastKnownFileType = sourcecode.swift; path = NativeIntakeAdoptionTests.swift; sourceTree = "<group>"; };
		385E00000000000000000001 /* SettingsDomain.swift */ = {isa = PBXFileReference; lastKnownFileType = sourcecode.swift; path = SettingsDomain.swift; sourceTree = "<group>"; };
		385E00000000000000000002 /* SettingsView.swift */ = {isa = PBXFileReference; lastKnownFileType = sourcecode.swift; path = SettingsView.swift; sourceTree = "<group>"; };
		385E00000000000000000003 /* SettingsSellingHintRow.swift */ = {isa = PBXFileReference; lastKnownFileType = sourcecode.swift; path = SettingsSellingHintRow.swift; sourceTree = "<group>"; };
		385F00000000000000000001 /* SettingsTests.swift */ = {isa = PBXFileReference; lastKnownFileType = sourcecode.swift; path = SettingsTests.swift; sourceTree = "<group>"; };
		865F00000000000000000001 /* EbayConnectionSettingsTests.swift */ = {isa = PBXFileReference; lastKnownFileType = sourcecode.swift; path = EbayConnectionSettingsTests.swift; sourceTree = "<group>"; };
		386F00000000000000000001 /* AccountDeletionTests.swift */ = {isa = PBXFileReference; lastKnownFileType = sourcecode.swift; path = AccountDeletionTests.swift; sourceTree = "<group>"; };
		386E00000000000000000001 /* AccountDeletion.swift */ = {isa = PBXFileReference; lastKnownFileType = sourcecode.swift; path = AccountDeletion.swift; sourceTree = "<group>"; };
		386E00000000000000000002 /* AccountErasureClient.swift */ = {isa = PBXFileReference; lastKnownFileType = sourcecode.swift; path = AccountErasureClient.swift; sourceTree = "<group>"; };
		386F00000000000000000002 /* AccountErasureClientTests.swift */ = {isa = PBXFileReference; lastKnownFileType = sourcecode.swift; path = AccountErasureClientTests.swift; sourceTree = "<group>"; };
		719F00000000000000000001 /* PrivacyDisclosureTests.swift */ = {isa = PBXFileReference; lastKnownFileType = sourcecode.swift; path = PrivacyDisclosureTests.swift; sourceTree = "<group>"; };
		517F00000000000000000001 /* SnapList.xcconfig */ = {isa = PBXFileReference; lastKnownFileType = text.xcconfig; path = SnapList.xcconfig; sourceTree = "<group>"; };
		678F00000000000000000001 /* SnapList.Debug.xcconfig */ = {isa = PBXFileReference; lastKnownFileType = text.xcconfig; path = SnapList.Debug.xcconfig; sourceTree = "<group>"; };
		678F00000000000000000002 /* SnapList.Release.xcconfig */ = {isa = PBXFileReference; lastKnownFileType = text.xcconfig; path = SnapList.Release.xcconfig; sourceTree = "<group>"; };
		F00000000000000000000020 /* SnapList.app */ = {isa = PBXFileReference; explicitFileType = wrapper.application; includeInIndex = 0; path = SnapList.app; sourceTree = BUILT_PRODUCTS_DIR; };
		F00000000000000000000021 /* SnapListTests.xctest */ = {isa = PBXFileReference; explicitFileType = wrapper.cfbundle; includeInIndex = 0; path = SnapListTests.xctest; sourceTree = BUILT_PRODUCTS_DIR; };
		F00000000000000000000022 /* SnapListUITests.xctest */ = {isa = PBXFileReference; explicitFileType = wrapper.cfbundle; includeInIndex = 0; path = SnapListUITests.xctest; sourceTree = BUILT_PRODUCTS_DIR; };
/* End PBXFileReference section */

/* Begin PBXFrameworksBuildPhase section */
		100000000000000000000001 /* Frameworks */ = {isa = PBXFrameworksBuildPhase; buildActionMask = 2147483647; files = (A00000000000000000000035 /* RevenueCat in Frameworks */, 208A00000000000000000006 /* ClerkKit in Frameworks */, 743A00000000000000000002 /* ClerkKitUI in Frameworks */, 271A00000000000000000002 /* PostHog in Frameworks */, 483A00000000000000000002 /* Sentry in Frameworks */); runOnlyForDeploymentPostprocessing = 0; };
		100000000000000000000002 /* Frameworks */ = {isa = PBXFrameworksBuildPhase; buildActionMask = 2147483647; files = (); runOnlyForDeploymentPostprocessing = 0; };
		100000000000000000000003 /* Frameworks */ = {isa = PBXFrameworksBuildPhase; buildActionMask = 2147483647; files = (); runOnlyForDeploymentPostprocessing = 0; };
/* End PBXFrameworksBuildPhase section */

/* Begin PBXGroup section */
		200000000000000000000001 = {
			isa = PBXGroup;
			children = (
				517D00000000000000000001 /* Configuration */,
				200000000000000000000002 /* SnapList */,
				200000000000000000000009 /* SnapListTests */,
				20000000000000000000000A /* SnapListUITests */,
				F0000000000000000000000E /* DesignContracts */,
				20000000000000000000000B /* Products */,
			);
			sourceTree = "<group>";
		};
		200000000000000000000002 /* SnapList */ = {
			isa = PBXGroup;
			children = (
				208F00000000000000000009 /* Info.plist */,
				667F00000000000000000001 /* PrivacyInfo.xcprivacy */,
				200000000000000000000003 /* App */,
				331D00000000000000000001 /* AppAttest */,
				200000000000000000000004 /* Core */,
				200000000000000000000006 /* DesignSystem */,
				200000000000000000000007 /* Features */,
				200000000000000000000008 /* Navigation */,
				F0000000000000000000000D /* Assets.xcassets */,
				566F00000000000000000003 /* ActivationGuidance */,
				685F00000000000000000002 /* FirstValueOnboarding */,
				761F00000000000000000002 /* HomeScoutMotion */,
			);
			path = SnapList;
			sourceTree = "<group>";
		};
		200000000000000000000003 /* App */ = {
			isa = PBXGroup;
			children = (F00000000000000000000001, F00000000000000000000002, F00000000000000000000004, F00000000000000000000005, 890E00000000000000000004 /* PushRegistrationAppDelegate.swift */);
			path = App;
			sourceTree = "<group>";
		};
		200000000000000000000004 /* Core */ = {
			isa = PBXGroup;
			children = (200000000000000000000005 /* API */, 20000000000000000000000D /* Subscriptions */, 229D00000000000000000001 /* Analytics */, 483E00000000000000000001 /* SentryCrashReporting.swift */, F00000000000000000000008 /* LaunchConfiguration.swift */, 812E00000000000000000001 /* LegalDestination.swift */);
			path = Core;
			sourceTree = "<group>";
		};
		200000000000000000000005 /* API */ = {
			isa = PBXGroup;
			children = (208F00000000000000000008 /* ClerkAuthentication.swift */, 386E00000000000000000002 /* AccountErasureClient.swift */, 848E00000000000000000001 /* IncludedOfferRedemptionCoordinator.swift */, 890E00000000000000000003 /* PushDeviceTokenClient.swift */, F00000000000000000000006, F00000000000000000000007);
			path = API;
			sourceTree = "<group>";
		};
		200000000000000000000006 /* DesignSystem */ = {
			isa = PBXGroup;
			children = (F00000000000000000000009, F0000000000000000000000A, 896E00000000000000000001 /* SnapListPageDots.swift */);
			path = DesignSystem;
			sourceTree = "<group>";
		};
		200000000000000000000007 /* Features */ = {isa = PBXGroup; children = (F0000000000000000000000B /* FoundationDestinationView.swift */, 20000000000000000000000C /* Onboarding */, 208D00000000000000000001 /* Home */, 317D00000000000000000001 /* Runs */, 376D00000000000000000001 /* ListingReview */, 581D00000000000000000001 /* AssistedExport */, 377D00000000000000000001 /* EbayPublish */, 457D00000000000000000001 /* Submission */, 379D00000000000000000001 /* ProGate */, 385D00000000000000000001 /* Settings */, 638D00000000000000000001 /* GuestRecovery */, 890D00000000000000000001 /* PushRegistration */, F0000000000000000000001C, F0000000000000000000001D, F0000000000000000000001E, F0000000000000000000001F, 469E00000000000000000001 /* VoiceNoteDomain.swift */, 469E00000000000000000002 /* AVFoundationVoiceNote.swift */, 469E00000000000000000003 /* VoiceNoteView.swift */, 540E00000000000000000002 /* NativeIntake.swift */); path = Features; sourceTree = "<group>"; };
		20000000000000000000000C /* Onboarding */ = {isa = PBXGroup; children = (F0000000000000000000000F, F00000000000000000000010, F00000000000000000000018, 685F00000000000000000001 /* FirstValueOnboardingView.swift */); path = Onboarding; sourceTree = "<group>"; };
		208D00000000000000000001 /* Home */ = {isa = PBXGroup; children = (208F00000000000000000002, 208F00000000000000000003, 208F00000000000000000005, 761F00000000000000000001 /* HomeScoutMotion.swift */, 737E00000000000000000001 /* ProcessingActionExecutor.swift */); path = Home; sourceTree = "<group>"; };
		229D00000000000000000001 /* Analytics */ = {isa = PBXGroup; children = (229E00000000000000000001 /* AnalyticsContracts.swift */, 229E00000000000000000002 /* AnalyticsSanitizer.swift */, 229E00000000000000000003 /* AnalyticsClient.swift */, 229E00000000000000000004 /* AnalyticsPersistence.swift */, 229E00000000000000000005 /* AnalyticsRouting.swift */, 271E00000000000000000001 /* PostHogAnalyticsClient.swift */, 633E00000000000000000001 /* FunnelAnalytics.swift */); path = Analytics; sourceTree = "<group>"; };
		317D00000000000000000001 /* Runs */ = {isa = PBXGroup; children = (317E00000000000000000001 /* RunModels.swift */, 317E00000000000000000002 /* RunAPIClient.swift */, 317E00000000000000000003 /* RunStore.swift */, 325E00000000000000000001 /* RunDetailView.swift */); path = Runs; sourceTree = "<group>"; };
		581D00000000000000000001 /* AssistedExport */ = {isa = PBXGroup; children = (581E00000000000000000001 /* AssistedExportDomain.swift */, 581E00000000000000000004 /* AssistedExportClient.swift */, 581E00000000000000000005 /* AssistedExportStore.swift */, 581E00000000000000000006 /* AssistedExportDeviceActions.swift */, 581E00000000000000000002 /* AssistedExportView.swift */, 581E00000000000000000003 /* AssistedExportFixtureView.swift */); path = AssistedExport; sourceTree = "<group>"; };
		377D00000000000000000001 /* EbayPublish */ = {isa = PBXGroup; children = (377E00000000000000000001 /* EbayPublishDelivery.swift */, 377E00000000000000000002 /* EbayPublishClient.swift */, 377E00000000000000000003 /* GuestClaimDomain.swift */, 377E00000000000000000004 /* GuestClaimClient.swift */, 377E00000000000000000005 /* EbayPublishFlow.swift */, 377E00000000000000000006 /* EbayPublishView.swift */, 742E00000000000000000001 /* EbayPublishFixtureView.swift */, 743E00000000000000000001 /* GuestClaimFixtureView.swift */, 865E00000000000000000001 /* EbayConnectionSettings.swift */); path = EbayPublish; sourceTree = "<group>"; };
		379D00000000000000000001 /* ProGate */ = {isa = PBXGroup; children = (379E00000000000000000001 /* ProGateStore.swift */, 379E00000000000000000002 /* ProGateView.swift */); path = ProGate; sourceTree = "<group>"; };
		385D00000000000000000001 /* Settings */ = {isa = PBXGroup; children = (385E00000000000000000001 /* SettingsDomain.swift */, 385E00000000000000000002 /* SettingsView.swift */, 385E00000000000000000003 /* SettingsSellingHintRow.swift */, 812E00000000000000000002 /* LegalLinkRow.swift */, 386E00000000000000000001 /* AccountDeletion.swift */); path = Settings; sourceTree = "<group>"; };
		376D00000000000000000001 /* ListingReview */ = {isa = PBXGroup; children = (376E00000000000000000001 /* ListingReviewModels.swift */, 558E00000000000000000001 /* ListingReviewClient.swift */, 558E00000000000000000002 /* ListingReviewDraftPersistence.swift */, 558E00000000000000000003 /* ListingReviewStore.swift */, 737E00000000000000000002 /* ListingReviewPresentationHost.swift */, 550E00000000000000000001 /* ListingReviewComponents.swift */, 550E00000000000000000002 /* ListingReviewEditorView.swift */, 550E00000000000000000003 /* ItemSpecificsEditorView.swift */, 550E00000000000000000004 /* SoldMatchDetailView.swift */, 550E00000000000000000005 /* ListingReviewView.swift */); path = ListingReview; sourceTree = "<group>"; };
		457D00000000000000000001 /* Submission */ = {isa = PBXGroup; children = (457E00000000000000000001 /* ItemRunSubmission.swift */, 457E00000000000000000003 /* ItemRunSubmissionAttemptStore.swift */, 457E00000000000000000004 /* ItemRunSubmissionClient.swift */, 457E00000000000000000002 /* ItemRunSubmissionCoordinator.swift */, 503E00000000000000000001 /* ItemRunSubmissionDebugFixtures.swift */); path = Submission; sourceTree = "<group>"; };
		638D00000000000000000001 /* GuestRecovery */ = {isa = PBXGroup; children = (638E00000000000000000001 /* GuestRecoveryAuthority.swift */); path = GuestRecovery; sourceTree = "<group>"; };
		890D00000000000000000001 /* PushRegistration */ = {isa = PBXGroup; children = (890E00000000000000000001 /* PushRegistrationDomain.swift */, 890E00000000000000000005 /* PushForegroundNotification.swift */, 890E00000000000000000002 /* PushRegistrationComposition.swift */); path = PushRegistration; sourceTree = "<group>"; };
		331D00000000000000000001 /* AppAttest */ = {isa = PBXGroup; children = (331E00000000000000000001 /* AppAttestClient.swift */); path = AppAttest; sourceTree = "<group>"; };
		200000000000000000000008 /* Navigation */ = {isa = PBXGroup; children = (F0000000000000000000000C); path = Navigation; sourceTree = "<group>"; };
		200000000000000000000009 /* SnapListTests */ = {isa = PBXGroup; children = (F00000000000000000000011, F00000000000000000000012, F00000000000000000000013, F00000000000000000000014, F00000000000000000000017, F00000000000000000000019, F0000000000000000000001A, F0000000000000000000001B, F00000000000000000000034, 208F00000000000000000001, 229F00000000000000000001 /* AnalyticsContractTests.swift */, 317F00000000000000000001 /* RunAPIClientTests.swift */, 317F00000000000000000002 /* RunStoreTests.swift */, 457F00000000000000000001 /* ItemRunSubmissionTests.swift */, 457F00000000000000000002 /* ItemRunSubmissionClientTests.swift */, 638F00000000000000000001 /* GuestRecoveryAuthorityTests.swift */, 331F00000000000000000001 /* AppAttestClientTests.swift */, 469F00000000000000000001 /* VoiceNoteTests.swift */, 540F00000000000000000002 /* NativeIntakeTests.swift */, 545F00000000000000000001 /* NativeIntakeAdoptionTests.swift */, 558F00000000000000000001 /* ListingReviewStoreTests.swift */, 376F00000000000000000001 /* ListingReviewPresentationTests.swift */, 483F00000000000000000001 /* CrashReportScrubbingTests.swift */, 581F00000000000000000001 /* AssistedExportDomainTests.swift */, 581F00000000000000000004 /* AssistedExportClientTests.swift */, 581F00000000000000000003 /* AssistedExportLaunchTests.swift */, 377F00000000000000000001 /* EbayPublishDeliveryTests.swift */, 377F00000000000000000002 /* GuestClaimTests.swift */, 379F00000000000000000001 /* ProGateStoreTests.swift */, 385F00000000000000000001 /* SettingsTests.swift */, 386F00000000000000000001 /* AccountDeletionTests.swift */, 386F00000000000000000002 /* AccountErasureClientTests.swift */, 719F00000000000000000001 /* PrivacyDisclosureTests.swift */, 848F00000000000000000001 /* IncludedOfferRedemptionCoordinatorTests.swift */, 331F00000000000000000727, 865F00000000000000000001 /* EbayConnectionSettingsTests.swift */, 890F00000000000000000001 /* PushRegistrationTests.swift */); path = SnapListTests; sourceTree = "<group>"; };
		20000000000000000000000A /* SnapListUITests */ = {isa = PBXGroup; children = (F00000000000000000000015, F00000000000000000000016, 208F00000000000000000006, 208F00000000000000000007, 550F00000000000000000001 /* ListingReviewUITests.swift */, 581F00000000000000000002 /* AssistedExportUITests.swift */, 742F00000000000000000001 /* EbayPublishUITests.swift */, 385F00000000000000000009 /* AccountDeletionUITests.swift */); path = SnapListUITests; sourceTree = "<group>"; };
		20000000000000000000000B /* Products */ = {isa = PBXGroup; children = (F00000000000000000000020, F00000000000000000000021, F00000000000000000000022); name = Products; sourceTree = "<group>"; };
		20000000000000000000000D /* Subscriptions */ = {isa = PBXGroup; children = (F00000000000000000000030, F00000000000000000000031, F00000000000000000000032, F00000000000000000000033, F00000000000000000000036); path = Subscriptions; sourceTree = "<group>"; };
		517D00000000000000000001 /* Configuration */ = {isa = PBXGroup; children = (517F00000000000000000001 /* SnapList.xcconfig */, 678F00000000000000000001 /* SnapList.Debug.xcconfig */, 678F00000000000000000002 /* SnapList.Release.xcconfig */); path = Configuration; sourceTree = "<group>"; };
/* End PBXGroup section */

/* Begin PBXNativeTarget section */
		E00000000000000000000002 /* SnapList */ = {
			isa = PBXNativeTarget;
			buildConfigurationList = 300000000000000000000002 /* Build configuration list for PBXNativeTarget "SnapList" */;
			buildPhases = (483600000000000000000002 /* Validate Clerk instance and API origin pairing */, 400000000000000000000001 /* Sources */, 100000000000000000000001 /* Frameworks */, 500000000000000000000001 /* Resources */, 483600000000000000000001 /* Upload Sentry dSYMs */);
			buildRules = ();
			dependencies = ();
			name = SnapList;
			packageProductDependencies = (900000000000000000000002 /* RevenueCat */, 208900000000000000000002 /* ClerkKit */, 743900000000000000000002 /* ClerkKitUI */, 271900000000000000000002 /* PostHog */, 483900000000000000000002 /* Sentry */);
			productName = SnapList;
			productReference = F00000000000000000000020 /* SnapList.app */;
			productType = "com.apple.product-type.application";
		};
		E00000000000000000000003 /* SnapListTests */ = {
			isa = PBXNativeTarget;
			buildConfigurationList = 300000000000000000000003 /* Build configuration list for PBXNativeTarget "SnapListTests" */;
			buildPhases = (400000000000000000000002 /* Sources */, 100000000000000000000002 /* Frameworks */, 500000000000000000000002 /* Resources */);
			buildRules = ();
			dependencies = (600000000000000000000001 /* PBXTargetDependency */);
			name = SnapListTests;
			productName = SnapListTests;
			productReference = F00000000000000000000021 /* SnapListTests.xctest */;
			productType = "com.apple.product-type.bundle.unit-test";
		};
		E00000000000000000000004 /* SnapListUITests */ = {
			isa = PBXNativeTarget;
			buildConfigurationList = 300000000000000000000004 /* Build configuration list for PBXNativeTarget "SnapListUITests" */;
			buildPhases = (400000000000000000000003 /* Sources */, 100000000000000000000003 /* Frameworks */, 500000000000000000000003 /* Resources */);
			buildRules = ();
			dependencies = (600000000000000000000002 /* PBXTargetDependency */);
			name = SnapListUITests;
			productName = SnapListUITests;
			productReference = F00000000000000000000022 /* SnapListUITests.xctest */;
			productType = "com.apple.product-type.bundle.ui-testing";
		};
/* End PBXNativeTarget section */

/* Begin PBXProject section */
		E00000000000000000000001 /* Project object */ = {
			isa = PBXProject;
			attributes = {
				BuildIndependentTargetsInParallel = 1;
				LastSwiftUpdateCheck = 2650;
				LastUpgradeCheck = 2650;
				TargetAttributes = {
					E00000000000000000000002 = {CreatedOnToolsVersion = 26.5; SystemCapabilities = {com.apple.InAppPurchase = {enabled = 1; }; com.apple.SafariKeychain = {enabled = 1; }; }; };
					E00000000000000000000003 = {CreatedOnToolsVersion = 26.5; TestTargetID = E00000000000000000000002; };
					E00000000000000000000004 = {CreatedOnToolsVersion = 26.5; TestTargetID = E00000000000000000000002; };
				};
			};
			buildConfigurationList = 300000000000000000000001 /* Build configuration list for PBXProject "SnapList" */;
			compatibilityVersion = "Xcode 14.0";
			developmentRegion = en;
			hasScannedForEncodings = 0;
			knownRegions = (en, Base);
			mainGroup = 200000000000000000000001;
			productRefGroup = 20000000000000000000000B /* Products */;
			packageReferences = (900000000000000000000001 /* XCRemoteSwiftPackageReference "purchases-ios-spm" */, 208900000000000000000001 /* XCRemoteSwiftPackageReference "clerk-ios" */, 271900000000000000000001 /* XCRemoteSwiftPackageReference "posthog-ios" */, 483900000000000000000001 /* XCRemoteSwiftPackageReference "sentry-cocoa" */);
			projectDirPath = "";
			projectRoot = "";
			targets = (E00000000000000000000002 /* SnapList */, E00000000000000000000003 /* SnapListTests */, E00000000000000000000004 /* SnapListUITests */);
		};
/* End PBXProject section */

/* Begin PBXResourcesBuildPhase section */
		500000000000000000000001 /* Resources */ = {isa = PBXResourcesBuildPhase; buildActionMask = 2147483647; files = (A0000000000000000000000D /* Assets.xcassets in Resources */, 667A00000000000000000001 /* PrivacyInfo.xcprivacy in Resources */, 566A00000000000000000003 /* ActivationGuidance in Resources */, 685A00000000000000000002 /* FirstValueOnboarding in Resources */, 761A00000000000000000002 /* HomeScoutMotion in Resources */); runOnlyForDeploymentPostprocessing = 0; };
		500000000000000000000002 /* Resources */ = {isa = PBXResourcesBuildPhase; buildActionMask = 2147483647; files = (B00000000000000000000005 /* DesignContracts in Resources */); runOnlyForDeploymentPostprocessing = 0; };
		500000000000000000000003 /* Resources */ = {isa = PBXResourcesBuildPhase; buildActionMask = 2147483647; files = (); runOnlyForDeploymentPostprocessing = 0; };
/* End PBXResourcesBuildPhase section */

/* Begin PBXShellScriptBuildPhase section */
		483600000000000000000001 /* Upload Sentry dSYMs */ = {isa = PBXShellScriptBuildPhase; alwaysOutOfDate = 1; buildActionMask = 2147483647; files = (); inputPaths = (); name = "Upload Sentry dSYMs"; outputPaths = (); runOnlyForDeploymentPostprocessing = 0; shellPath = /bin/zsh; shellScript = "\"${SRCROOT}/Scripts/upload-dsyms.sh\"\n"; };
		483600000000000000000002 /* Validate Clerk instance and API origin pairing */ = {isa = PBXShellScriptBuildPhase; alwaysOutOfDate = 1; buildActionMask = 2147483647; files = (); inputPaths = (); name = "Validate Clerk instance and API origin pairing"; outputPaths = (); runOnlyForDeploymentPostprocessing = 0; shellPath = /bin/zsh; shellScript = "\"${SRCROOT}/Scripts/clerk-origin-pairing-lint.sh\"\n"; };
/* End PBXShellScriptBuildPhase section */

/* Begin PBXSourcesBuildPhase section */
		400000000000000000000001 /* Sources */ = {isa = PBXSourcesBuildPhase; buildActionMask = 2147483647; files = (A00000000000000000000001, A00000000000000000000002, A00000000000000000000004, A00000000000000000000005, A00000000000000000000006, A00000000000000000000007, A00000000000000000000008, A00000000000000000000009, A0000000000000000000000A, A0000000000000000000000B, A0000000000000000000000C, A0000000000000000000000E, A0000000000000000000000F, A00000000000000000000010, 685A00000000000000000001 /* FirstValueOnboardingView.swift in Sources */, A00000000000000000000011, A00000000000000000000012, A00000000000000000000013, A00000000000000000000014, A00000000000000000000030, A00000000000000000000031, A00000000000000000000032, A00000000000000000000033, A00000000000000000000036, 208A00000000000000000001, 208A00000000000000000002, 208A00000000000000000005 /* ClerkAuthentication.swift in Sources */, 208A00000000000000000004, 761A00000000000000000001 /* HomeScoutMotion.swift in Sources */, 229A00000000000000000001 /* AnalyticsContracts.swift in Sources */, 229A00000000000000000002 /* AnalyticsSanitizer.swift in Sources */, 229A00000000000000000003 /* AnalyticsClient.swift in Sources */, 229A00000000000000000004 /* AnalyticsPersistence.swift in Sources */, 229A00000000000000000005 /* AnalyticsRouting.swift in Sources */, 271A00000000000000000001 /* PostHogAnalyticsClient.swift in Sources */, 633A00000000000000000001 /* FunnelAnalytics.swift in Sources */, 317A00000000000000000001 /* RunModels.swift in Sources */, 317A00000000000000000002 /* RunAPIClient.swift in Sources */, 317A00000000000000000003 /* RunStore.swift in Sources */, 737A00000000000000000001 /* ProcessingActionExecutor.swift in Sources */, 325A00000000000000000001 /* RunDetailView.swift in Sources */, 566A00000000000000000001 /* ActivationGuidanceDomain.swift in Sources */, 566A00000000000000000002 /* ActivationGuidanceCoachMark.swift in Sources */, 376A00000000000000000001 /* ListingReviewModels.swift in Sources */, 558A00000000000000000001 /* ListingReviewClient.swift in Sources */, 558A00000000000000000002 /* ListingReviewDraftPersistence.swift in Sources */, 558A00000000000000000003 /* ListingReviewStore.swift in Sources */, 737A00000000000000000002 /* ListingReviewPresentationHost.swift in Sources */, 550A00000000000000000001 /* ListingReviewComponents.swift in Sources */, 550A00000000000000000002 /* ListingReviewEditorView.swift in Sources */, 550A00000000000000000003 /* ItemSpecificsEditorView.swift in Sources */, 550A00000000000000000004 /* SoldMatchDetailView.swift in Sources */, 550A00000000000000000005 /* ListingReviewView.swift in Sources */, 457A00000000000000000001 /* ItemRunSubmission.swift in Sources */, 457A00000000000000000003 /* ItemRunSubmissionAttemptStore.swift in Sources */, 457A00000000000000000004 /* ItemRunSubmissionClient.swift in Sources */, 457A00000000000000000002 /* ItemRunSubmissionCoordinator.swift in Sources */, 503A00000000000000000001 /* ItemRunSubmissionDebugFixtures.swift in Sources */, 379A00000000000000000001 /* ProGateStore.swift in Sources */, 379A00000000000000000002 /* ProGateView.swift in Sources */, 386A00000000000000000001 /* AccountDeletion.swift in Sources */, 386A00000000000000000002 /* AccountErasureClient.swift in Sources */, 385A00000000000000000001 /* SettingsDomain.swift in Sources */, 385A00000000000000000002 /* SettingsView.swift in Sources */, 385A00000000000000000003 /* SettingsSellingHintRow.swift in Sources */, 812A00000000000000000001 /* LegalDestination.swift in Sources */, 812A00000000000000000002 /* LegalLinkRow.swift in Sources */, 638A00000000000000000001 /* GuestRecoveryAuthority.swift in Sources */, 331A00000000000000000001 /* AppAttestClient.swift in Sources */, 469A00000000000000000001 /* VoiceNoteDomain.swift in Sources */, 469A00000000000000000002 /* AVFoundationVoiceNote.swift in Sources */, 469A00000000000000000003 /* VoiceNoteView.swift in Sources */, 540A00000000000000000002 /* NativeIntake.swift in Sources */, 483A00000000000000000001 /* SentryCrashReporting.swift in Sources */, 581A00000000000000000001 /* AssistedExportDomain.swift in Sources */, 581A00000000000000000002 /* AssistedExportView.swift in Sources */, 581A00000000000000000003 /* AssistedExportFixtureView.swift in Sources */, 581A00000000000000000004 /* AssistedExportClient.swift in Sources */, 581A00000000000000000005 /* AssistedExportStore.swift in Sources */, 581A00000000000000000006 /* AssistedExportDeviceActions.swift in Sources */, 377A00000000000000000001 /* EbayPublishDelivery.swift in Sources */, 377A00000000000000000002 /* EbayPublishClient.swift in Sources */, 377A00000000000000000003 /* GuestClaimDomain.swift in Sources */, 377A00000000000000000004 /* GuestClaimClient.swift in Sources */, 377A00000000000000000005 /* EbayPublishFlow.swift in Sources */, 377A00000000000000000006 /* EbayPublishView.swift in Sources */, 742A00000000000000000001 /* EbayPublishFixtureView.swift in Sources */, 743A00000000000000000001 /* GuestClaimFixtureView.swift in Sources */, 848A00000000000000000001 /* IncludedOfferRedemptionCoordinator.swift in Sources */, 865A00000000000000000001 /* EbayConnectionSettings.swift in Sources */, 890A00000000000000000001 /* PushRegistrationDomain.swift in Sources */, 890A00000000000000000002 /* PushRegistrationComposition.swift in Sources */, 890A00000000000000000003 /* PushDeviceTokenClient.swift in Sources */, 890A00000000000000000004 /* PushRegistrationAppDelegate.swift in Sources */, 890A00000000000000000005 /* PushForegroundNotification.swift in Sources */, 896A00000000000000000001 /* SnapListPageDots.swift in Sources */); runOnlyForDeploymentPostprocessing = 0; };
		400000000000000000000002 /* Sources */ = {isa = PBXSourcesBuildPhase; buildActionMask = 2147483647; files = (B00000000000000000000001, B00000000000000000000002, B00000000000000000000003, B00000000000000000000004, B00000000000000000000006, B00000000000000000000007, B00000000000000000000008, B00000000000000000000009, B00000000000000000000030, 208B00000000000000000001, 229B00000000000000000001 /* AnalyticsContractTests.swift in Sources */, 317B00000000000000000001 /* RunAPIClientTests.swift in Sources */, 317B00000000000000000002 /* RunStoreTests.swift in Sources */, 457B00000000000000000001 /* ItemRunSubmissionTests.swift in Sources */, 457B00000000000000000002 /* ItemRunSubmissionClientTests.swift in Sources */, 638B00000000000000000001 /* GuestRecoveryAuthorityTests.swift in Sources */, 331B00000000000000000001 /* AppAttestClientTests.swift in Sources */, 469B00000000000000000001 /* VoiceNoteTests.swift in Sources */, 540B00000000000000000002 /* NativeIntakeTests.swift in Sources */, 545B00000000000000000001 /* NativeIntakeAdoptionTests.swift in Sources */, 558B00000000000000000001 /* ListingReviewStoreTests.swift in Sources */, 376B00000000000000000001 /* ListingReviewPresentationTests.swift in Sources */, 483B00000000000000000001 /* CrashReportScrubbingTests.swift in Sources */, 581B00000000000000000001 /* AssistedExportDomainTests.swift in Sources */, 581B00000000000000000002 /* AssistedExportLaunchTests.swift in Sources */, 581B00000000000000000004 /* AssistedExportClientTests.swift in Sources */, 377B00000000000000000001 /* EbayPublishDeliveryTests.swift in Sources */, 377B00000000000000000002 /* GuestClaimTests.swift in Sources */, 379B00000000000000000001 /* ProGateStoreTests.swift in Sources */, 385B00000000000000000001 /* SettingsTests.swift in Sources */, 386B00000000000000000001 /* AccountDeletionTests.swift in Sources */, 386B00000000000000000002 /* AccountErasureClientTests.swift in Sources */, 719B00000000000000000001 /* PrivacyDisclosureTests.swift in Sources */, 848B00000000000000000001 /* IncludedOfferRedemptionCoordinatorTests.swift in Sources */, 331B00000000000000000727, 865B00000000000000000001 /* EbayConnectionSettingsTests.swift in Sources */, 890B00000000000000000001 /* PushRegistrationTests.swift in Sources */); runOnlyForDeploymentPostprocessing = 0; };
		400000000000000000000003 /* Sources */ = {isa = PBXSourcesBuildPhase; buildActionMask = 2147483647; files = (C00000000000000000000001, C00000000000000000000002, 208C00000000000000000001, 208C00000000000000000002, 550C00000000000000000001 /* ListingReviewUITests.swift in Sources */, 581C00000000000000000001 /* AssistedExportUITests.swift in Sources */, 742C00000000000000000001 /* EbayPublishUITests.swift in Sources */, 385C00000000000000000001 /* AccountDeletionUITests.swift in Sources */); runOnlyForDeploymentPostprocessing = 0; };
/* End PBXSourcesBuildPhase section */

/* Begin PBXTargetDependency section */
		600000000000000000000001 /* PBXTargetDependency */ = {isa = PBXTargetDependency; target = E00000000000000000000002 /* SnapList */; targetProxy = D00000000000000000000001 /* PBXContainerItemProxy */; };
		600000000000000000000002 /* PBXTargetDependency */ = {isa = PBXTargetDependency; target = E00000000000000000000002 /* SnapList */; targetProxy = D00000000000000000000002 /* PBXContainerItemProxy */; };
/* End PBXTargetDependency section */

/* Begin XCBuildConfiguration section */
		700000000000000000000001 /* Debug */ = {isa = XCBuildConfiguration; buildSettings = {ALWAYS_SEARCH_USER_PATHS = NO; CLANG_ANALYZER_NONNULL = YES; CLANG_ANALYZER_NUMBER_OBJECT_CONVERSION = YES_AGGRESSIVE; CLANG_CXX_LANGUAGE_STANDARD = "gnu++20"; CLANG_ENABLE_MODULES = YES; CLANG_ENABLE_OBJC_ARC = YES; CLANG_WARN_BLOCK_CAPTURE_AUTORELEASING = YES; CLANG_WARN_BOOL_CONVERSION = YES; CLANG_WARN_COMMA = YES; CLANG_WARN_CONSTANT_CONVERSION = YES; CLANG_WARN_DEPRECATED_OBJC_IMPLEMENTATIONS = YES; CLANG_WARN_DIRECT_OBJC_ISA_USAGE = YES_ERROR; CLANG_WARN_DOCUMENTATION_COMMENTS = YES; CLANG_WARN_EMPTY_BODY = YES; CLANG_WARN_ENUM_CONVERSION = YES; CLANG_WARN_INFINITE_RECURSION = YES; CLANG_WARN_INT_CONVERSION = YES; CLANG_WARN_NON_LITERAL_NULL_CONVERSION = YES; CLANG_WARN_OBJC_IMPLICIT_RETAIN_SELF = YES; CLANG_WARN_OBJC_LITERAL_CONVERSION = YES; CLANG_WARN_QUOTED_INCLUDE_IN_FRAMEWORK_HEADER = YES; CLANG_WARN_RANGE_LOOP_ANALYSIS = YES; CLANG_WARN_STRICT_PROTOTYPES = YES; CLANG_WARN_SUSPICIOUS_MOVE = YES; CLANG_WARN_UNGUARDED_AVAILABILITY = YES_AGGRESSIVE; CLANG_WARN_UNREACHABLE_CODE = YES; CLANG_WARN__DUPLICATE_METHOD_MATCH = YES; COPY_PHASE_STRIP = NO; DEBUG_INFORMATION_FORMAT = dwarf; ENABLE_STRICT_OBJC_MSGSEND = YES; ENABLE_TESTABILITY = YES; GCC_C_LANGUAGE_STANDARD = gnu17; GCC_NO_COMMON_BLOCKS = YES; GCC_OPTIMIZATION_LEVEL = 0; GCC_PREPROCESSOR_DEFINITIONS = ("DEBUG=1", "$(inherited)"); GCC_WARN_64_TO_32_BIT_CONVERSION = YES; GCC_WARN_ABOUT_RETURN_TYPE = YES_ERROR; GCC_WARN_UNDECLARED_SELECTOR = YES; GCC_WARN_UNINITIALIZED_AUTOS = YES_AGGRESSIVE; GCC_WARN_UNUSED_FUNCTION = YES; GCC_WARN_UNUSED_VARIABLE = YES; MTL_ENABLE_DEBUG_INFO = INCLUDE_SOURCE; MTL_FAST_MATH = YES; ONLY_ACTIVE_ARCH = YES; SDKROOT = iphoneos; SWIFT_ACTIVE_COMPILATION_CONDITIONS = "DEBUG $(inherited)"; SWIFT_OPTIMIZATION_LEVEL = "-Onone"; }; name = Debug; };
		700000000000000000000002 /* Release */ = {isa = XCBuildConfiguration; buildSettings = {ALWAYS_SEARCH_USER_PATHS = NO; CLANG_ANALYZER_NONNULL = YES; CLANG_ANALYZER_NUMBER_OBJECT_CONVERSION = YES_AGGRESSIVE; CLANG_CXX_LANGUAGE_STANDARD = "gnu++20"; CLANG_ENABLE_MODULES = YES; CLANG_ENABLE_OBJC_ARC = YES; CLANG_WARN_BLOCK_CAPTURE_AUTORELEASING = YES; CLANG_WARN_BOOL_CONVERSION = YES; CLANG_WARN_COMMA = YES; CLANG_WARN_CONSTANT_CONVERSION = YES; CLANG_WARN_DEPRECATED_OBJC_IMPLEMENTATIONS = YES; CLANG_WARN_DIRECT_OBJC_ISA_USAGE = YES_ERROR; CLANG_WARN_DOCUMENTATION_COMMENTS = YES; CLANG_WARN_EMPTY_BODY = YES; CLANG_WARN_ENUM_CONVERSION = YES; CLANG_WARN_INFINITE_RECURSION = YES; CLANG_WARN_INT_CONVERSION = YES; CLANG_WARN_NON_LITERAL_NULL_CONVERSION = YES; CLANG_WARN_OBJC_IMPLICIT_RETAIN_SELF = YES; CLANG_WARN_OBJC_LITERAL_CONVERSION = YES; CLANG_WARN_QUOTED_INCLUDE_IN_FRAMEWORK_HEADER = YES; CLANG_WARN_RANGE_LOOP_ANALYSIS = YES; CLANG_WARN_STRICT_PROTOTYPES = YES; CLANG_WARN_SUSPICIOUS_MOVE = YES; CLANG_WARN_UNGUARDED_AVAILABILITY = YES_AGGRESSIVE; CLANG_WARN_UNREACHABLE_CODE = YES; CLANG_WARN__DUPLICATE_METHOD_MATCH = YES; COPY_PHASE_STRIP = NO; DEBUG_INFORMATION_FORMAT = "dwarf-with-dsym"; ENABLE_NS_ASSERTIONS = NO; ENABLE_STRICT_OBJC_MSGSEND = YES; GCC_C_LANGUAGE_STANDARD = gnu17; GCC_NO_COMMON_BLOCKS = YES; GCC_WARN_64_TO_32_BIT_CONVERSION = YES; GCC_WARN_ABOUT_RETURN_TYPE = YES_ERROR; GCC_WARN_UNDECLARED_SELECTOR = YES; GCC_WARN_UNINITIALIZED_AUTOS = YES_AGGRESSIVE; GCC_WARN_UNUSED_FUNCTION = YES; GCC_WARN_UNUSED_VARIABLE = YES; MTL_ENABLE_DEBUG_INFO = NO; MTL_FAST_MATH = YES; SDKROOT = iphoneos; SWIFT_COMPILATION_MODE = wholemodule; VALIDATE_PRODUCT = YES; }; name = Release; };
		700000000000000000000003 /* Debug */ = {isa = XCBuildConfiguration; baseConfigurationReference = 678F00000000000000000001 /* SnapList.Debug.xcconfig */; buildSettings = {ASSETCATALOG_COMPILER_APPICON_NAME = AppIcon; ASSETCATALOG_COMPILER_GLOBAL_ACCENT_COLOR_NAME = AccentColor; CODE_SIGN_ENTITLEMENTS = SnapList/SnapList.entitlements; CODE_SIGN_STYLE = Automatic; CURRENT_PROJECT_VERSION = 1; ENABLE_PREVIEWS = YES; GENERATE_INFOPLIST_FILE = NO; INFOPLIST_FILE = SnapList/Info.plist; IPHONEOS_DEPLOYMENT_TARGET = 17.0; LD_RUNPATH_SEARCH_PATHS = ("$(inherited)", "@executable_path/Frameworks"); MARKETING_VERSION = 0.1.0; PRODUCT_BUNDLE_IDENTIFIER = dev.snaplist.ios; PRODUCT_NAME = "$(TARGET_NAME)"; SUPPORTED_PLATFORMS = "iphoneos iphonesimulator"; SUPPORTS_MACCATALYST = NO; SWIFT_EMIT_LOC_STRINGS = YES; SWIFT_VERSION = 5.0; TARGETED_DEVICE_FAMILY = 1; }; name = Debug; };
		700000000000000000000004 /* Release */ = {isa = XCBuildConfiguration; baseConfigurationReference = 678F00000000000000000002 /* SnapList.Release.xcconfig */; buildSettings = {ASSETCATALOG_COMPILER_APPICON_NAME = AppIcon; ASSETCATALOG_COMPILER_GLOBAL_ACCENT_COLOR_NAME = AccentColor; CODE_SIGN_ENTITLEMENTS = SnapList/SnapList.entitlements; CODE_SIGN_STYLE = Automatic; CURRENT_PROJECT_VERSION = 1; ENABLE_PREVIEWS = YES; GENERATE_INFOPLIST_FILE = NO; INFOPLIST_FILE = SnapList/Info.plist; IPHONEOS_DEPLOYMENT_TARGET = 17.0; LD_RUNPATH_SEARCH_PATHS = ("$(inherited)", "@executable_path/Frameworks"); MARKETING_VERSION = 0.1.0; PRODUCT_BUNDLE_IDENTIFIER = dev.snaplist.ios; PRODUCT_NAME = "$(TARGET_NAME)"; SUPPORTED_PLATFORMS = "iphoneos iphonesimulator"; SUPPORTS_MACCATALYST = NO; SWIFT_EMIT_LOC_STRINGS = YES; SWIFT_VERSION = 5.0; TARGETED_DEVICE_FAMILY = 1; }; name = Release; };
		700000000000000000000005 /* Debug */ = {isa = XCBuildConfiguration; buildSettings = {BUNDLE_LOADER = "$(TEST_HOST)"; CODE_SIGN_STYLE = Automatic; GENERATE_INFOPLIST_FILE = YES; IPHONEOS_DEPLOYMENT_TARGET = 17.0; LD_RUNPATH_SEARCH_PATHS = ("$(inherited)", "@executable_path/Frameworks", "@loader_path/Frameworks"); PRODUCT_BUNDLE_IDENTIFIER = dev.snaplist.ios.tests; PRODUCT_NAME = "$(TARGET_NAME)"; SWIFT_VERSION = 5.0; TARGETED_DEVICE_FAMILY = 1; TEST_HOST = "$(BUILT_PRODUCTS_DIR)/SnapList.app/$(BUNDLE_EXECUTABLE_FOLDER_PATH)/SnapList"; }; name = Debug; };
		700000000000000000000006 /* Release */ = {isa = XCBuildConfiguration; buildSettings = {BUNDLE_LOADER = "$(TEST_HOST)"; CODE_SIGN_STYLE = Automatic; GENERATE_INFOPLIST_FILE = YES; IPHONEOS_DEPLOYMENT_TARGET = 17.0; LD_RUNPATH_SEARCH_PATHS = ("$(inherited)", "@executable_path/Frameworks", "@loader_path/Frameworks"); PRODUCT_BUNDLE_IDENTIFIER = dev.snaplist.ios.tests; PRODUCT_NAME = "$(TARGET_NAME)"; SWIFT_VERSION = 5.0; TARGETED_DEVICE_FAMILY = 1; TEST_HOST = "$(BUILT_PRODUCTS_DIR)/SnapList.app/$(BUNDLE_EXECUTABLE_FOLDER_PATH)/SnapList"; }; name = Release; };
		700000000000000000000007 /* Debug */ = {isa = XCBuildConfiguration; buildSettings = {CODE_SIGN_STYLE = Automatic; GENERATE_INFOPLIST_FILE = YES; IPHONEOS_DEPLOYMENT_TARGET = 17.0; PRODUCT_BUNDLE_IDENTIFIER = dev.snaplist.ios.uitests; PRODUCT_NAME = "$(TARGET_NAME)"; SWIFT_VERSION = 5.0; TARGETED_DEVICE_FAMILY = 1; TEST_TARGET_NAME = SnapList; }; name = Debug; };
		700000000000000000000008 /* Release */ = {isa = XCBuildConfiguration; buildSettings = {CODE_SIGN_STYLE = Automatic; GENERATE_INFOPLIST_FILE = YES; IPHONEOS_DEPLOYMENT_TARGET = 17.0; PRODUCT_BUNDLE_IDENTIFIER = dev.snaplist.ios.uitests; PRODUCT_NAME = "$(TARGET_NAME)"; SWIFT_VERSION = 5.0; TARGETED_DEVICE_FAMILY = 1; TEST_TARGET_NAME = SnapList; }; name = Release; };
/* End XCBuildConfiguration section */

/* Begin XCConfigurationList section */
		300000000000000000000001 /* Build configuration list for PBXProject "SnapList" */ = {isa = XCConfigurationList; buildConfigurations = (700000000000000000000001 /* Debug */, 700000000000000000000002 /* Release */); defaultConfigurationIsVisible = 0; defaultConfigurationName = Release; };
		300000000000000000000002 /* Build configuration list for PBXNativeTarget "SnapList" */ = {isa = XCConfigurationList; buildConfigurations = (700000000000000000000003 /* Debug */, 700000000000000000000004 /* Release */); defaultConfigurationIsVisible = 0; defaultConfigurationName = Release; };
		300000000000000000000003 /* Build configuration list for PBXNativeTarget "SnapListTests" */ = {isa = XCConfigurationList; buildConfigurations = (700000000000000000000005 /* Debug */, 700000000000000000000006 /* Release */); defaultConfigurationIsVisible = 0; defaultConfigurationName = Release; };
		300000000000000000000004 /* Build configuration list for PBXNativeTarget "SnapListUITests" */ = {isa = XCConfigurationList; buildConfigurations = (700000000000000000000007 /* Debug */, 700000000000000000000008 /* Release */); defaultConfigurationIsVisible = 0; defaultConfigurationName = Release; };
/* End XCConfigurationList section */

/* Begin XCRemoteSwiftPackageReference section */
		900000000000000000000001 /* XCRemoteSwiftPackageReference "purchases-ios-spm" */ = {
			isa = XCRemoteSwiftPackageReference;
			repositoryURL = "https://github.com/RevenueCat/purchases-ios-spm.git";
			requirement = {kind = upToNextMajorVersion; minimumVersion = 5.0.0; };
		};
		208900000000000000000001 /* XCRemoteSwiftPackageReference "clerk-ios" */ = {
			isa = XCRemoteSwiftPackageReference;
			repositoryURL = "https://github.com/clerk/clerk-ios.git";
			requirement = {kind = upToNextMajorVersion; minimumVersion = 1.3.6; };
		};
		271900000000000000000001 /* XCRemoteSwiftPackageReference "posthog-ios" */ = {
			isa = XCRemoteSwiftPackageReference;
			repositoryURL = "https://github.com/PostHog/posthog-ios.git";
			requirement = {kind = upToNextMajorVersion; minimumVersion = 3.66.1; };
		};
		483900000000000000000001 /* XCRemoteSwiftPackageReference "sentry-cocoa" */ = {
			isa = XCRemoteSwiftPackageReference;
			repositoryURL = "https://github.com/getsentry/sentry-cocoa.git";
			requirement = {kind = exactVersion; version = 9.24.0; };
		};
/* End XCRemoteSwiftPackageReference section */

/* Begin XCSwiftPackageProductDependency section */
		900000000000000000000002 /* RevenueCat */ = {
			isa = XCSwiftPackageProductDependency;
			package = 900000000000000000000001 /* XCRemoteSwiftPackageReference "purchases-ios-spm" */;
			productName = RevenueCat;
		};
		208900000000000000000002 /* ClerkKit */ = {
			isa = XCSwiftPackageProductDependency;
			package = 208900000000000000000001 /* XCRemoteSwiftPackageReference "clerk-ios" */;
			productName = ClerkKit;
		};
		743900000000000000000002 /* ClerkKitUI */ = {
			isa = XCSwiftPackageProductDependency;
			package = 208900000000000000000001 /* XCRemoteSwiftPackageReference "clerk-ios" */;
			productName = ClerkKitUI;
		};
		271900000000000000000002 /* PostHog */ = {
			isa = XCSwiftPackageProductDependency;
			package = 271900000000000000000001 /* XCRemoteSwiftPackageReference "posthog-ios" */;
			productName = PostHog;
		};
		483900000000000000000002 /* Sentry */ = {
			isa = XCSwiftPackageProductDependency;
			package = 483900000000000000000001 /* XCRemoteSwiftPackageReference "sentry-cocoa" */;
			productName = Sentry;
		};
/* End XCSwiftPackageProductDependency section */
	};
	rootObject = E00000000000000000000001 /* Project object */;
}
