{
  "originHash" : "c1bce313f3c1e85e50a39ee758c71f970cc04aaaf5b3f4c4f01200b2ffc898f1",
  "pins" : [
    {
      "identity" : "clerk-ios",
      "kind" : "remoteSourceControl",
      "location" : "https://github.com/clerk/clerk-ios.git",
      "state" : {
        "revision" : "d41365666ac3be138737a57b33b30b6291b5c65b",
        "version" : "1.3.2"
      }
    },
    {
      "identity" : "nuke",
      "kind" : "remoteSourceControl",
      "location" : "https://github.com/kean/Nuke.git",
      "state" : {
        "revision" : "63a8fcbd6621340a2410bc3e9575ac97058615f4",
        "version" : "13.0.6"
      }
    },
    {
      "identity" : "phonenumberkit",
      "kind" : "remoteSourceControl",
      "location" : "https://github.com/PhoneNumberKit/PhoneNumberKit",
      "state" : {
        "revision" : "ab06a8333394f4a4fb6eecca447dae0aa06c1eca",
        "version" : "5.0.4"
      }
    },
    {
      "identity" : "purchases-ios-spm",
      "kind" : "remoteSourceControl",
      "location" : "https://github.com/RevenueCat/purchases-ios-spm.git",
      "state" : {
        "revision" : "17e7dff140f119869d918de83d7a2136a990ef9b",
        "version" : "5.81.0"
      }
    }
  ],
  "version" : 3
}
